// !$*UTF8*$!
{
	archiveVersion = 1;
	classes = {
	};
	objectVersion = 51;
	objects = {

/* Begin PBXBuildFile section */
		224EC1842464F7AB002D72B6 /* AppDelegate.swift in Sources */ = {isa = PBXBuildFile; fileRef = 224EC1832464F7AB002D72B6 /* AppDelegate.swift */; };
		224EC1862464F7AB002D72B6 /* SceneDelegate.swift in Sources */ = {isa = PBXBuildFile; fileRef = 224EC1852464F7AB002D72B6 /* SceneDelegate.swift */; };
		224EC18E2464F7AB002D72B6 /* Akane.xcdatamodeld in Sources */ = {isa = PBXBuildFile; fileRef = 224EC18C2464F7AB002D72B6 /* Akane.xcdatamodeld */; };
		224EC1932464F7D7002D72B6 /* LaunchScreen.storyboard in Resources */ = {isa = PBXBuildFile; fileRef = 224EC1912464F7D7002D72B6 /* LaunchScreen.storyboard */; };
		22C3F55A25F09F7C0090A739 /* Main.storyboard in Resources */ = {isa = PBXBuildFile; fileRef = 22C3F55925F09F7B0090A739 /* Main.storyboard */; };
		22C3F56625F0A01A0090A739 /* AKDetailViewController.swift in Sources */ = {isa = PBXBuildFile; fileRef = 22C3F56425F0A01A0090A739 /* AKDetailViewController.swift */; };
		22C3F56D25F0A02B0090A739 /* AKMovieDetailViewController.swift in Sources */ = {isa = PBXBuildFile; fileRef = 22C3F56A25F0A02B0090A739 /* AKMovieDetailViewController.swift */; };
		22C3F56E25F0A02B0090A739 /* AKPlaylistViewController.swift in Sources */ = {isa = PBXBuildFile; fileRef = 22C3F56B25F0A02B0090A739 /* AKPlaylistViewController.swift */; };
		22C3F56F25F0A02B0090A739 /* AKPlayerViewController.swift in Sources */ = {isa = PBXBuildFile; fileRef = 22C3F56C25F0A02B0090A739 /* AKPlayerViewController.swift */; };
		22C3F57925F0A0380090A739 /* AKPlayerView.swift in Sources */ = {isa = PBXBuildFile; fileRef = 22C3F57325F0A0380090A739 /* AKPlayerView.swift */; };
		22C3F57A25F0A0380090A739 /* AKMoviesDisplayView.swift in Sources */ = {isa = PBXBuildFile; fileRef = 22C3F57425F0A0380090A739 /* AKMoviesDisplayView.swift */; };
		22C3F57B25F0A0380090A739 /* AKPlaylistMessageVIew.swift in Sources */ = {isa = PBXBuildFile; fileRef = 22C3F57525F0A0380090A739 /* AKPlaylistMessageVIew.swift */; };
		22C3F57C25F0A0380090A739 /* AKMovieCollectionViewCell.swift in Sources */ = {isa = PBXBuildFile; fileRef = 22C3F57625F0A0380090A739 /* AKMovieCollectionViewCell.swift */; };
		22C3F57D25F0A0380090A739 /* AKWaitingView.swift in Sources */ = {isa = PBXBuildFile; fileRef = 22C3F57725F0A0380090A739 /* AKWaitingView.swift */; };
		22C3F57E25F0A0380090A739 /* AKScanTableViewCell.swift in Sources */ = {isa = PBXBuildFile; fileRef = 22C3F57825F0A0380090A739 /* AKScanTableViewCell.swift */; };
		22C3F58425F0A04B0090A739 /* AKPlaylist.swift in Sources */ = {isa = PBXBuildFile; fileRef = 22C3F58225F0A04B0090A739 /* AKPlaylist.swift */; };
		22C3F58525F0A04B0090A739 /* AKMovie.swift in Sources */ = {isa = PBXBuildFile; fileRef = 22C3F58325F0A04B0090A739 /* AKMovie.swift */; };
		22C3F58F25F0A06D0090A739 /* AKDataBase.swift in Sources */ = {isa = PBXBuildFile; fileRef = 22C3F58925F0A06D0090A739 /* AKDataBase.swift */; };
		22C3F59025F0A06D0090A739 /* AKFunction.swift in Sources */ = {isa = PBXBuildFile; fileRef = 22C3F58A25F0A06D0090A739 /* AKFunction.swift */; };
		22C3F59125F0A06D0090A739 /* AKConstant.swift in Sources */ = {isa = PBXBuildFile; fileRef = 22C3F58B25F0A06D0090A739 /* AKConstant.swift */; };
		22C3F59225F0A06D0090A739 /* AKManager.swift in Sources */ = {isa = PBXBuildFile; fileRef = 22C3F58C25F0A06D0090A739 /* AKManager.swift */; };
		22C3F59325F0A06D0090A739 /* AKFileOperation.swift in Sources */ = {isa = PBXBuildFile; fileRef = 22C3F58D25F0A06D0090A739 /* AKFileOperation.swift */; };
		22C3F59425F0A06D0090A739 /* AKError.swift in Sources */ = {isa = PBXBuildFile; fileRef = 22C3F58E25F0A06D0090A739 /* AKError.swift */; };
		22C3F5A425F0A07B0090A739 /* AKUINavigationController.swift in Sources */ = {isa = PBXBuildFile; fileRef = 22C3F59825F0A07B0090A739 /* AKUINavigationController.swift */; };
		22C3F5A525F0A07B0090A739 /* AKUIButton.swift in Sources */ = {isa = PBXBuildFile; fileRef = 22C3F59925F0A07B0090A739 /* AKUIButton.swift */; };
		22C3F5A625F0A07B0090A739 /* AKUIActivityIndicatorView.swift in Sources */ = {isa = PBXBuildFile; fileRef = 22C3F59A25F0A07B0090A739 /* AKUIActivityIndicatorView.swift */; };
		22C3F5A725F0A07B0090A739 /* AKUIDocument.swift in Sources */ = {isa = PBXBuildFile; fileRef = 22C3F59B25F0A07B0090A739 /* AKUIDocument.swift */; };
		22C3F5A825F0A07B0090A739 /* AKUICollectionView.swift in Sources */ = {isa = PBXBuildFile; fileRef = 22C3F59C25F0A07B0090A739 /* AKUICollectionView.swift */; };
		22C3F5A925F0A07B0090A739 /* AKUILabel.swift in Sources */ = {isa = PBXBuildFile; fileRef = 22C3F59D25F0A07B0090A739 /* AKUILabel.swift */; };
		22C3F5AA25F0A07B0090A739 /* AKUIViewController.swift in Sources */ = {isa = PBXBuildFile; fileRef = 22C3F59E25F0A07B0090A739 /* AKUIViewController.swift */; };
		22C3F5AB25F0A07B0090A739 /* AKUIView.swift in Sources */ = {isa = PBXBuildFile; fileRef = 22C3F59F25F0A07B0090A739 /* AKUIView.swift */; };
		22C3F5AC25F0A07B0090A739 /* AKUITableViewController.swift in Sources */ = {isa = PBXBuildFile; fileRef = 22C3F5A025F0A07B0090A739 /* AKUITableViewController.swift */; };
		22C3F5AD25F0A07B0090A739 /* AKUITableView.swift in Sources */ = {isa = PBXBuildFile; fileRef = 22C3F5A125F0A07B0090A739 /* AKUITableView.swift */; };
		22C3F5AE25F0A07B0090A739 /* AKUIColor.swift in Sources */ = {isa = PBXBuildFile; fileRef = 22C3F5A225F0A07B0090A739 /* AKUIColor.swift */; };
		22C3F5AF25F0A07B0090A739 /* AKUIFont.swift in Sources */ = {isa = PBXBuildFile; fileRef = 22C3F5A325F0A07B0090A739 /* AKUIFont.swift */; };
		80682DAB3531687944B5D380 /* (null) in Frameworks */ = {isa = PBXBuildFile; };
		9A6585C1112D9A192DE18E2C /* Pods_Akane_SwiftUI.framework in Frameworks */ = {isa = PBXBuildFile; fileRef = 5EEF926EF40747EB3F2F6469 /* Pods_Akane_SwiftUI.framework */; };
		9B996D394B60026BFBAC62B1 /* Pods_Akane.framework in Frameworks */ = {isa = PBXBuildFile; fileRef = 70E02C5CBD7698C0B4AAB629 /* Pods_Akane.framework */; };
		B71B1437CFB687F6C2FEEBE6 /* Pods_Akane_macOS.framework in Frameworks */ = {isa = PBXBuildFile; fileRef = 192DEE9C8FD68FAD7B747464 /* Pods_Akane_macOS.framework */; };
		C4DCA573B275F7BA520071D1 /* (null) in Frameworks */ = {isa = PBXBuildFile; };
		CA320AAF26AA8A8F00AB0CB3 /* Akane_macOSApp.swift in Sources */ = {isa = PBXBuildFile; fileRef = CA320AAE26AA8A8F00AB0CB3 /* Akane_macOSApp.swift */; };
		CA320AB126AA8A8F00AB0CB3 /* ContentView.swift in Sources */ = {isa = PBXBuildFile; fileRef = CA320AB026AA8A8F00AB0CB3 /* ContentView.swift */; };
		CA320AB326AA8A9000AB0CB3 /* Assets.xcassets in Resources */ = {isa = PBXBuildFile; fileRef = CA320AB226AA8A9000AB0CB3 /* Assets.xcassets */; };
		CA320AB626AA8A9000AB0CB3 /* Preview Assets.xcassets in Resources */ = {isa = PBXBuildFile; fileRef = CA320AB526AA8A9000AB0CB3 /* Preview Assets.xcassets */; };
		CA320ABD26AA8AA800AB0CB3 /* AKScanRow.swift in Sources */ = {isa = PBXBuildFile; fileRef = CAD7C296269D1BDF00BD2DD0 /* AKScanRow.swift */; };
		CA320ABE26AA8C3E00AB0CB3 /* AKModelData.swift in Sources */ = {isa = PBXBuildFile; fileRef = CAD7C2BD269D47AA00BD2DD0 /* AKModelData.swift */; };
		CA320ABF26AA8C4200AB0CB3 /* AKPlaylist.swift in Sources */ = {isa = PBXBuildFile; fileRef = CA6B079C269E73110073B61B /* AKPlaylist.swift */; };
		CA320AC026AA8C4400AB0CB3 /* AKMovie.swift in Sources */ = {isa = PBXBuildFile; fileRef = CA6B079E269E73490073B61B /* AKMovie.swift */; };
		CA320AC126AA8CA900AB0CB3 /* AKConstant.swift in Sources */ = {isa = PBXBuildFile; fileRef = CA6B07A3269E74230073B61B /* AKConstant.swift */; };
		CA320AC226AA8CC800AB0CB3 /* AKManager.swift in Sources */ = {isa = PBXBuildFile; fileRef = 22C3F58C25F0A06D0090A739 /* AKManager.swift */; };
		CA320AC326AA8CD200AB0CB3 /* AKFileOperation.swift in Sources */ = {isa = PBXBuildFile; fileRef = 22C3F58D25F0A06D0090A739 /* AKFileOperation.swift */; };
		CA320AC426AA8CD500AB0CB3 /* AKDataBase.swift in Sources */ = {isa = PBXBuildFile; fileRef = 22C3F58925F0A06D0090A739 /* AKDataBase.swift */; };
		CA320AC526AA8CDA00AB0CB3 /* AKFunction.swift in Sources */ = {isa = PBXBuildFile; fileRef = 22C3F58A25F0A06D0090A739 /* AKFunction.swift */; };
		CA320ACA26AAB8E500AB0CB3 /* AKRootList.swift in Sources */ = {isa = PBXBuildFile; fileRef = CAD7C294269D13CB00BD2DD0 /* AKRootList.swift */; };
		CA320ACC26AABF3600AB0CB3 /* AkaneCommands.swift in Sources */ = {isa = PBXBuildFile; fileRef = CA320ACB26AABF3600AB0CB3 /* AkaneCommands.swift */; };
		CA320ACD26AAC1D100AB0CB3 /* AKDetailView.swift in Sources */ = {isa = PBXBuildFile; fileRef = CA6B1D80269D81B6005BA5ED /* AKDetailView.swift */; };
		CA4F25E9269ED4D4002EB66C /* AKRootSection.swift in Sources */ = {isa = PBXBuildFile; fileRef = CA4F25E8269ED4D4002EB66C /* AKRootSection.swift */; };
		CA53E55F269F10F800A88788 /* Assets.xcassets in Resources */ = {isa = PBXBuildFile; fileRef = 224EC18F2464F7D7002D72B6 /* Assets.xcassets */; };
		CA6B079D269E73110073B61B /* AKPlaylist.swift in Sources */ = {isa = PBXBuildFile; fileRef = CA6B079C269E73110073B61B /* AKPlaylist.swift */; };
		CA6B079F269E73490073B61B /* AKMovie.swift in Sources */ = {isa = PBXBuildFile; fileRef = CA6B079E269E73490073B61B /* AKMovie.swift */; };
		CA6B07A2269E73E40073B61B /* AKFileOperation.swift in Sources */ = {isa = PBXBuildFile; fileRef = 22C3F58D25F0A06D0090A739 /* AKFileOperation.swift */; };
		CA6B07A4269E74230073B61B /* AKConstant.swift in Sources */ = {isa = PBXBuildFile; fileRef = CA6B07A3269E74230073B61B /* AKConstant.swift */; };
		CA6B07A5269E762F0073B61B /* AKManager.swift in Sources */ = {isa = PBXBuildFile; fileRef = 22C3F58C25F0A06D0090A739 /* AKManager.swift */; };
		CA6B07A6269E76370073B61B /* AKDataBase.swift in Sources */ = {isa = PBXBuildFile; fileRef = 22C3F58925F0A06D0090A739 /* AKDataBase.swift */; };
		CA6B07A7269E7B2D0073B61B /* AKFunction.swift in Sources */ = {isa = PBXBuildFile; fileRef = 22C3F58A25F0A06D0090A739 /* AKFunction.swift */; };
		CA6B1D81269D81B6005BA5ED /* AKDetailView.swift in Sources */ = {isa = PBXBuildFile; fileRef = CA6B1D80269D81B6005BA5ED /* AKDetailView.swift */; };
		CA6B1D82269D81B6005BA5ED /* AKDetailView.swift in Sources */ = {isa = PBXBuildFile; fileRef = CA6B1D80269D81B6005BA5ED /* AKDetailView.swift */; };
		CA7D983126A1ADAC00343AA6 /* AKMovieCollectionViewCell.swift in Sources */ = {isa = PBXBuildFile; fileRef = 22C3F57625F0A0380090A739 /* AKMovieCollectionViewCell.swift */; };
		CA7D983226A1ADAC00343AA6 /* AKDetailViewController.swift in Sources */ = {isa = PBXBuildFile; fileRef = 22C3F56425F0A01A0090A739 /* AKDetailViewController.swift */; };
		CA7D983326A1ADAC00343AA6 /* AKUIColor.swift in Sources */ = {isa = PBXBuildFile; fileRef = 22C3F5A225F0A07B0090A739 /* AKUIColor.swift */; };
		CA7D983426A1ADAC00343AA6 /* AKMovieDetailViewController.swift in Sources */ = {isa = PBXBuildFile; fileRef = 22C3F56A25F0A02B0090A739 /* AKMovieDetailViewController.swift */; };
		CA7D983526A1ADAC00343AA6 /* AKConstant.swift in Sources */ = {isa = PBXBuildFile; fileRef = 22C3F58B25F0A06D0090A739 /* AKConstant.swift */; };
		CA7D983626A1ADAC00343AA6 /* AKUIButton.swift in Sources */ = {isa = PBXBuildFile; fileRef = 22C3F59925F0A07B0090A739 /* AKUIButton.swift */; };
		CA7D983726A1ADAC00343AA6 /* AKFileOperation.swift in Sources */ = {isa = PBXBuildFile; fileRef = 22C3F58D25F0A06D0090A739 /* AKFileOperation.swift */; };
		CA7D983826A1ADAC00343AA6 /* AKManager.swift in Sources */ = {isa = PBXBuildFile; fileRef = 22C3F58C25F0A06D0090A739 /* AKManager.swift */; };
		CA7D983926A1ADAC00343AA6 /* AKUILabel.swift in Sources */ = {isa = PBXBuildFile; fileRef = 22C3F59D25F0A07B0090A739 /* AKUILabel.swift */; };
		CA7D983A26A1ADAC00343AA6 /* AKWaitingView.swift in Sources */ = {isa = PBXBuildFile; fileRef = 22C3F57725F0A0380090A739 /* AKWaitingView.swift */; };
		CA7D983B26A1ADAC00343AA6 /* AKDataBase.swift in Sources */ = {isa = PBXBuildFile; fileRef = 22C3F58925F0A06D0090A739 /* AKDataBase.swift */; };
		CA7D983C26A1ADAC00343AA6 /* AKDetailView.swift in Sources */ = {isa = PBXBuildFile; fileRef = CA6B1D80269D81B6005BA5ED /* AKDetailView.swift */; };
		CA7D983D26A1ADAC00343AA6 /* AKPlaylist.swift in Sources */ = {isa = PBXBuildFile; fileRef = 22C3F58225F0A04B0090A739 /* AKPlaylist.swift */; };
		CA7D983E26A1ADAC00343AA6 /* AKUIView.swift in Sources */ = {isa = PBXBuildFile; fileRef = 22C3F59F25F0A07B0090A739 /* AKUIView.swift */; };
		CA7D983F26A1ADAC00343AA6 /* AKError.swift in Sources */ = {isa = PBXBuildFile; fileRef = 22C3F58E25F0A06D0090A739 /* AKError.swift */; };
		CA7D984126A1ADAC00343AA6 /* AKRootSidebarViewController.swift in Sources */ = {isa = PBXBuildFile; fileRef = CA7F41EB26A03F8200106FAC /* AKRootSidebarViewController.swift */; };
		CA7D984226A1ADAC00343AA6 /* AKUIDocument.swift in Sources */ = {isa = PBXBuildFile; fileRef = 22C3F59B25F0A07B0090A739 /* AKUIDocument.swift */; };
		CA7D984326A1ADAC00343AA6 /* AKUITableView.swift in Sources */ = {isa = PBXBuildFile; fileRef = 22C3F5A125F0A07B0090A739 /* AKUITableView.swift */; };
		CA7D984426A1ADAC00343AA6 /* AKPlayerView.swift in Sources */ = {isa = PBXBuildFile; fileRef = 22C3F57325F0A0380090A739 /* AKPlayerView.swift */; };
		CA7D984526A1ADAC00343AA6 /* AKScanTableViewCell.swift in Sources */ = {isa = PBXBuildFile; fileRef = 22C3F57825F0A0380090A739 /* AKScanTableViewCell.swift */; };
		CA7D984626A1ADAC00343AA6 /* AKMovie.swift in Sources */ = {isa = PBXBuildFile; fileRef = 22C3F58325F0A04B0090A739 /* AKMovie.swift */; };
		CA7D984726A1ADAC00343AA6 /* AKPlayerViewController.swift in Sources */ = {isa = PBXBuildFile; fileRef = 22C3F56C25F0A02B0090A739 /* AKPlayerViewController.swift */; };
		CA7D984826A1ADAC00343AA6 /* AKUINavigationController.swift in Sources */ = {isa = PBXBuildFile; fileRef = 22C3F59825F0A07B0090A739 /* AKUINavigationController.swift */; };
		CA7D984926A1ADAC00343AA6 /* AKFunction.swift in Sources */ = {isa = PBXBuildFile; fileRef = 22C3F58A25F0A06D0090A739 /* AKFunction.swift */; };
		CA7D984A26A1ADAC00343AA6 /* AppDelegate.swift in Sources */ = {isa = PBXBuildFile; fileRef = 224EC1832464F7AB002D72B6 /* AppDelegate.swift */; };
		CA7D984B26A1ADAC00343AA6 /* AKUIFont.swift in Sources */ = {isa = PBXBuildFile; fileRef = 22C3F5A325F0A07B0090A739 /* AKUIFont.swift */; };
		CA7D984C26A1ADAC00343AA6 /* AKUICollectionView.swift in Sources */ = {isa = PBXBuildFile; fileRef = 22C3F59C25F0A07B0090A739 /* AKUICollectionView.swift */; };
		CA7D984D26A1ADAC00343AA6 /* AKMoviesDisplayView.swift in Sources */ = {isa = PBXBuildFile; fileRef = 22C3F57425F0A0380090A739 /* AKMoviesDisplayView.swift */; };
		CA7D984E26A1ADAC00343AA6 /* Akane.xcdatamodeld in Sources */ = {isa = PBXBuildFile; fileRef = 224EC18C2464F7AB002D72B6 /* Akane.xcdatamodeld */; };
		CA7D984F26A1ADAC00343AA6 /* SceneDelegate.swift in Sources */ = {isa = PBXBuildFile; fileRef = 224EC1852464F7AB002D72B6 /* SceneDelegate.swift */; };
		CA7D985026A1ADAC00343AA6 /* AKUIViewController.swift in Sources */ = {isa = PBXBuildFile; fileRef = 22C3F59E25F0A07B0090A739 /* AKUIViewController.swift */; };
		CA7D985126A1ADAC00343AA6 /* AKUITableViewController.swift in Sources */ = {isa = PBXBuildFile; fileRef = 22C3F5A025F0A07B0090A739 /* AKUITableViewController.swift */; };
		CA7D985226A1ADAC00343AA6 /* AKUIActivityIndicatorView.swift in Sources */ = {isa = PBXBuildFile; fileRef = 22C3F59A25F0A07B0090A739 /* AKUIActivityIndicatorView.swift */; };
		CA7D985326A1ADAC00343AA6 /* AKPlaylistMessageVIew.swift in Sources */ = {isa = PBXBuildFile; fileRef = 22C3F57525F0A0380090A739 /* AKPlaylistMessageVIew.swift */; };
		CA7D985426A1ADAC00343AA6 /* AKPlaylistViewController.swift in Sources */ = {isa = PBXBuildFile; fileRef = 22C3F56B25F0A02B0090A739 /* AKPlaylistViewController.swift */; };
		CA7D985A26A1ADAC00343AA6 /* LaunchScreen.storyboard in Resources */ = {isa = PBXBuildFile; fileRef = 224EC1912464F7D7002D72B6 /* LaunchScreen.storyboard */; };
		CA7D985B26A1ADAC00343AA6 /* Assets.xcassets in Resources */ = {isa = PBXBuildFile; fileRef = 224EC18F2464F7D7002D72B6 /* Assets.xcassets */; };
		CA7D985C26A1ADAC00343AA6 /* Main.storyboard in Resources */ = {isa = PBXBuildFile; fileRef = 22C3F55925F09F7B0090A739 /* Main.storyboard */; };
		CA7F41EC26A03F8200106FAC /* AKRootSidebarViewController.swift in Sources */ = {isa = PBXBuildFile; fileRef = CA7F41EB26A03F8200106FAC /* AKRootSidebarViewController.swift */; };
		CACEE8F1269D552E00CF23A8 /* AKUIViewController.swift in Sources */ = {isa = PBXBuildFile; fileRef = 22C3F59E25F0A07B0090A739 /* AKUIViewController.swift */; };
		CACEE8F2269D553100CF23A8 /* AKUITableViewController.swift in Sources */ = {isa = PBXBuildFile; fileRef = 22C3F5A025F0A07B0090A739 /* AKUITableViewController.swift */; };
		CACEE8F3269D553400CF23A8 /* AKUIView.swift in Sources */ = {isa = PBXBuildFile; fileRef = 22C3F59F25F0A07B0090A739 /* AKUIView.swift */; };
		CACEE8F4269D553600CF23A8 /* AKUIColor.swift in Sources */ = {isa = PBXBuildFile; fileRef = 22C3F5A225F0A07B0090A739 /* AKUIColor.swift */; };
		CACEE8F5269D553B00CF23A8 /* AKUIFont.swift in Sources */ = {isa = PBXBuildFile; fileRef = 22C3F5A325F0A07B0090A739 /* AKUIFont.swift */; };
		CACEE8F6269D553D00CF23A8 /* AKUITableView.swift in Sources */ = {isa = PBXBuildFile; fileRef = 22C3F5A125F0A07B0090A739 /* AKUITableView.swift */; };
		CACEE8F7269D553F00CF23A8 /* AKUILabel.swift in Sources */ = {isa = PBXBuildFile; fileRef = 22C3F59D25F0A07B0090A739 /* AKUILabel.swift */; };
		CACEE8F8269D554200CF23A8 /* AKUIButton.swift in Sources */ = {isa = PBXBuildFile; fileRef = 22C3F59925F0A07B0090A739 /* AKUIButton.swift */; };
		CACEE8F9269D554500CF23A8 /* AKUICollectionView.swift in Sources */ = {isa = PBXBuildFile; fileRef = 22C3F59C25F0A07B0090A739 /* AKUICollectionView.swift */; };
		CACEE8FA269D554800CF23A8 /* AKUIDocument.swift in Sources */ = {isa = PBXBuildFile; fileRef = 22C3F59B25F0A07B0090A739 /* AKUIDocument.swift */; };
		CACEE8FB269D554A00CF23A8 /* AKUIActivityIndicatorView.swift in Sources */ = {isa = PBXBuildFile; fileRef = 22C3F59A25F0A07B0090A739 /* AKUIActivityIndicatorView.swift */; };
		CACEE8FC269D554D00CF23A8 /* AKUINavigationController.swift in Sources */ = {isa = PBXBuildFile; fileRef = 22C3F59825F0A07B0090A739 /* AKUINavigationController.swift */; };
		CAD7C29F269D255900BD2DD0 /* Akane_SwiftUIApp.swift in Sources */ = {isa = PBXBuildFile; fileRef = CAD7C29E269D255900BD2DD0 /* Akane_SwiftUIApp.swift */; };
		CAD7C2A1269D255900BD2DD0 /* ContentView.swift in Sources */ = {isa = PBXBuildFile; fileRef = CAD7C2A0269D255900BD2DD0 /* ContentView.swift */; };
		CAD7C2A3269D255B00BD2DD0 /* Assets.xcassets in Resources */ = {isa = PBXBuildFile; fileRef = CAD7C2A2269D255B00BD2DD0 /* Assets.xcassets */; };
		CAD7C2A6269D255B00BD2DD0 /* Preview Assets.xcassets in Resources */ = {isa = PBXBuildFile; fileRef = CAD7C2A5269D255B00BD2DD0 /* Preview Assets.xcassets */; };
		CAD7C2AB269D256A00BD2DD0 /* AKRootList.swift in Sources */ = {isa = PBXBuildFile; fileRef = CAD7C294269D13CB00BD2DD0 /* AKRootList.swift */; };
		CAD7C2AC269D256D00BD2DD0 /* AKScanRow.swift in Sources */ = {isa = PBXBuildFile; fileRef = CAD7C296269D1BDF00BD2DD0 /* AKScanRow.swift */; };
		CAD7C2BE269D47AA00BD2DD0 /* AKModelData.swift in Sources */ = {isa = PBXBuildFile; fileRef = CAD7C2BD269D47AA00BD2DD0 /* AKModelData.swift */; };
		CADA39B126A27A4900A79A36 /* AKSidebarCollectionViewCell.swift in Sources */ = {isa = PBXBuildFile; fileRef = CADA39B026A27A4900A79A36 /* AKSidebarCollectionViewCell.swift */; };
		CADA39B226A27A4900A79A36 /* AKSidebarCollectionViewCell.swift in Sources */ = {isa = PBXBuildFile; fileRef = CADA39B026A27A4900A79A36 /* AKSidebarCollectionViewCell.swift */; };
		EC28BDBD84D899773850D171 /* Pods_Akane_iPadOS.framework in Frameworks */ = {isa = PBXBuildFile; fileRef = 39FAEFEB20E2135171681629 /* Pods_Akane_iPadOS.framework */; };
/* End PBXBuildFile section */

/* Begin PBXFileReference section */
		192DEE9C8FD68FAD7B747464 /* Pods_Akane_macOS.framework */ = {isa = PBXFileReference; explicitFileType = wrapper.framework; includeInIndex = 0; path = Pods_Akane_macOS.framework; sourceTree = BUILT_PRODUCTS_DIR; };
		224EC1802464F7AB002D72B6 /* Akane.app */ = {isa = PBXFileReference; explicitFileType = wrapper.application; includeInIndex = 0; path = Akane.app; sourceTree = BUILT_PRODUCTS_DIR; };
		224EC1832464F7AB002D72B6 /* AppDelegate.swift */ = {isa = PBXFileReference; lastKnownFileType = sourcecode.swift; path = AppDelegate.swift; sourceTree = "<group>"; };
		224EC1852464F7AB002D72B6 /* SceneDelegate.swift */ = {isa = PBXFileReference; lastKnownFileType = sourcecode.swift; path = SceneDelegate.swift; sourceTree = "<group>"; };
		224EC18D2464F7AB002D72B6 /* Akane.xcdatamodel */ = {isa = PBXFileReference; lastKnownFileType = wrapper.xcdatamodel; path = Akane.xcdatamodel; sourceTree = "<group>"; };
		224EC18F2464F7D7002D72B6 /* Assets.xcassets */ = {isa = PBXFileReference; lastKnownFileType = folder.assetcatalog; path = Assets.xcassets; sourceTree = "<group>"; };
		224EC1922464F7D7002D72B6 /* Base */ = {isa = PBXFileReference; lastKnownFileType = file.storyboard; name = Base; path = Base.lproj/LaunchScreen.storyboard; sourceTree = "<group>"; };
		224EC1942464F7D7002D72B6 /* Info.plist */ = {isa = PBXFileReference; lastKnownFileType = text.plist.xml; path = Info.plist; sourceTree = "<group>"; };
		224EC1B62464FAF1002D72B6 /* Akane.entitlements */ = {isa = PBXFileReference; lastKnownFileType = text.plist.entitlements; path = Akane.entitlements; sourceTree = "<group>"; };
		22C3F55925F09F7B0090A739 /* Main.storyboard */ = {isa = PBXFileReference; fileEncoding = 4; lastKnownFileType = file.storyboard; path = Main.storyboard; sourceTree = "<group>"; };
		22C3F56325F0A01A0090A739 /* AKRootViewController.swift */ = {isa = PBXFileReference; fileEncoding = 4; lastKnownFileType = sourcecode.swift; path = AKRootViewController.swift; sourceTree = "<group>"; };
		22C3F56425F0A01A0090A739 /* AKDetailViewController.swift */ = {isa = PBXFileReference; fileEncoding = 4; lastKnownFileType = sourcecode.swift; path = AKDetailViewController.swift; sourceTree = "<group>"; };
		22C3F56A25F0A02B0090A739 /* AKMovieDetailViewController.swift */ = {isa = PBXFileReference; fileEncoding = 4; lastKnownFileType = sourcecode.swift; path = AKMovieDetailViewController.swift; sourceTree = "<group>"; };
		22C3F56B25F0A02B0090A739 /* AKPlaylistViewController.swift */ = {isa = PBXFileReference; fileEncoding = 4; lastKnownFileType = sourcecode.swift; path = AKPlaylistViewController.swift; sourceTree = "<group>"; };
		22C3F56C25F0A02B0090A739 /* AKPlayerViewController.swift */ = {isa = PBXFileReference; fileEncoding = 4; lastKnownFileType = sourcecode.swift; path = AKPlayerViewController.swift; sourceTree = "<group>"; };
		22C3F57325F0A0380090A739 /* AKPlayerView.swift */ = {isa = PBXFileReference; fileEncoding = 4; lastKnownFileType = sourcecode.swift; path = AKPlayerView.swift; sourceTree = "<group>"; };
		22C3F57425F0A0380090A739 /* AKMoviesDisplayView.swift */ = {isa = PBXFileReference; fileEncoding = 4; lastKnownFileType = sourcecode.swift; path = AKMoviesDisplayView.swift; sourceTree = "<group>"; };
		22C3F57525F0A0380090A739 /* AKPlaylistMessageVIew.swift */ = {isa = PBXFileReference; fileEncoding = 4; lastKnownFileType = sourcecode.swift; path = AKPlaylistMessageVIew.swift; sourceTree = "<group>"; };
		22C3F57625F0A0380090A739 /* AKMovieCollectionViewCell.swift */ = {isa = PBXFileReference; fileEncoding = 4; lastKnownFileType = sourcecode.swift; path = AKMovieCollectionViewCell.swift; sourceTree = "<group>"; };
		22C3F57725F0A0380090A739 /* AKWaitingView.swift */ = {isa = PBXFileReference; fileEncoding = 4; lastKnownFileType = sourcecode.swift; path = AKWaitingView.swift; sourceTree = "<group>"; };
		22C3F57825F0A0380090A739 /* AKScanTableViewCell.swift */ = {isa = PBXFileReference; fileEncoding = 4; lastKnownFileType = sourcecode.swift; path = AKScanTableViewCell.swift; sourceTree = "<group>"; };
		22C3F58225F0A04B0090A739 /* AKPlaylist.swift */ = {isa = PBXFileReference; fileEncoding = 4; lastKnownFileType = sourcecode.swift; path = AKPlaylist.swift; sourceTree = "<group>"; };
		22C3F58325F0A04B0090A739 /* AKMovie.swift */ = {isa = PBXFileReference; fileEncoding = 4; lastKnownFileType = sourcecode.swift; path = AKMovie.swift; sourceTree = "<group>"; };
		22C3F58925F0A06D0090A739 /* AKDataBase.swift */ = {isa = PBXFileReference; fileEncoding = 4; lastKnownFileType = sourcecode.swift; path = AKDataBase.swift; sourceTree = "<group>"; };
		22C3F58A25F0A06D0090A739 /* AKFunction.swift */ = {isa = PBXFileReference; fileEncoding = 4; lastKnownFileType = sourcecode.swift; path = AKFunction.swift; sourceTree = "<group>"; };
		22C3F58B25F0A06D0090A739 /* AKConstant.swift */ = {isa = PBXFileReference; fileEncoding = 4; lastKnownFileType = sourcecode.swift; path = AKConstant.swift; sourceTree = "<group>"; };
		22C3F58C25F0A06D0090A739 /* AKManager.swift */ = {isa = PBXFileReference; fileEncoding = 4; lastKnownFileType = sourcecode.swift; path = AKManager.swift; sourceTree = "<group>"; };
		22C3F58D25F0A06D0090A739 /* AKFileOperation.swift */ = {isa = PBXFileReference; fileEncoding = 4; lastKnownFileType = sourcecode.swift; path = AKFileOperation.swift; sourceTree = "<group>"; };
		22C3F58E25F0A06D0090A739 /* AKError.swift */ = {isa = PBXFileReference; fileEncoding = 4; lastKnownFileType = sourcecode.swift; path = AKError.swift; sourceTree = "<group>"; };
		22C3F59825F0A07B0090A739 /* AKUINavigationController.swift */ = {isa = PBXFileReference; fileEncoding = 4; lastKnownFileType = sourcecode.swift; path = AKUINavigationController.swift; sourceTree = "<group>"; };
		22C3F59925F0A07B0090A739 /* AKUIButton.swift */ = {isa = PBXFileReference; fileEncoding = 4; lastKnownFileType = sourcecode.swift; path = AKUIButton.swift; sourceTree = "<group>"; };
		22C3F59A25F0A07B0090A739 /* AKUIActivityIndicatorView.swift */ = {isa = PBXFileReference; fileEncoding = 4; lastKnownFileType = sourcecode.swift; path = AKUIActivityIndicatorView.swift; sourceTree = "<group>"; };
		22C3F59B25F0A07B0090A739 /* AKUIDocument.swift */ = {isa = PBXFileReference; fileEncoding = 4; lastKnownFileType = sourcecode.swift; path = AKUIDocument.swift; sourceTree = "<group>"; };
		22C3F59C25F0A07B0090A739 /* AKUICollectionView.swift */ = {isa = PBXFileReference; fileEncoding = 4; lastKnownFileType = sourcecode.swift; path = AKUICollectionView.swift; sourceTree = "<group>"; };
		22C3F59D25F0A07B0090A739 /* AKUILabel.swift */ = {isa = PBXFileReference; fileEncoding = 4; lastKnownFileType = sourcecode.swift; path = AKUILabel.swift; sourceTree = "<group>"; };
		22C3F59E25F0A07B0090A739 /* AKUIViewController.swift */ = {isa = PBXFileReference; fileEncoding = 4; lastKnownFileType = sourcecode.swift; path = AKUIViewController.swift; sourceTree = "<group>"; };
		22C3F59F25F0A07B0090A739 /* AKUIView.swift */ = {isa = PBXFileReference; fileEncoding = 4; lastKnownFileType = sourcecode.swift; path = AKUIView.swift; sourceTree = "<group>"; };
		22C3F5A025F0A07B0090A739 /* AKUITableViewController.swift */ = {isa = PBXFileReference; fileEncoding = 4; lastKnownFileType = sourcecode.swift; path = AKUITableViewController.swift; sourceTree = "<group>"; };
		22C3F5A125F0A07B0090A739 /* AKUITableView.swift */ = {isa = PBXFileReference; fileEncoding = 4; lastKnownFileType = sourcecode.swift; path = AKUITableView.swift; sourceTree = "<group>"; };
		22C3F5A225F0A07B0090A739 /* AKUIColor.swift */ = {isa = PBXFileReference; fileEncoding = 4; lastKnownFileType = sourcecode.swift; path = AKUIColor.swift; sourceTree = "<group>"; };
		22C3F5A325F0A07B0090A739 /* AKUIFont.swift */ = {isa = PBXFileReference; fileEncoding = 4; lastKnownFileType = sourcecode.swift; path = AKUIFont.swift; sourceTree = "<group>"; };
		39FAEFEB20E2135171681629 /* Pods_Akane_iPadOS.framework */ = {isa = PBXFileReference; explicitFileType = wrapper.framework; includeInIndex = 0; path = Pods_Akane_iPadOS.framework; sourceTree = BUILT_PRODUCTS_DIR; };
		40ED24BC404A3A24B7EDE83B /* Pods-Akane.debug.xcconfig */ = {isa = PBXFileReference; includeInIndex = 1; lastKnownFileType = text.xcconfig; name = "Pods-Akane.debug.xcconfig"; path = "Target Support Files/Pods-Akane/Pods-Akane.debug.xcconfig"; sourceTree = "<group>"; };
		5EEF926EF40747EB3F2F6469 /* Pods_Akane_SwiftUI.framework */ = {isa = PBXFileReference; explicitFileType = wrapper.framework; includeInIndex = 0; path = Pods_Akane_SwiftUI.framework; sourceTree = BUILT_PRODUCTS_DIR; };
		631CF9C857DA8304B05DF3C2 /* Pods-Akane_iPadOS.debug.xcconfig */ = {isa = PBXFileReference; includeInIndex = 1; lastKnownFileType = text.xcconfig; name = "Pods-Akane_iPadOS.debug.xcconfig"; path = "Target Support Files/Pods-Akane_iPadOS/Pods-Akane_iPadOS.debug.xcconfig"; sourceTree = "<group>"; };
		70E02C5CBD7698C0B4AAB629 /* Pods_Akane.framework */ = {isa = PBXFileReference; explicitFileType = wrapper.framework; includeInIndex = 0; path = Pods_Akane.framework; sourceTree = BUILT_PRODUCTS_DIR; };
		84B7E1B31BD59E082F6B56D3 /* Pods-Akane.release.xcconfig */ = {isa = PBXFileReference; includeInIndex = 1; lastKnownFileType = text.xcconfig; name = "Pods-Akane.release.xcconfig"; path = "Target Support Files/Pods-Akane/Pods-Akane.release.xcconfig"; sourceTree = "<group>"; };
		8F0B7A281ECC115B4906F7AF /* Pods-Akane_macOS.debug.xcconfig */ = {isa = PBXFileReference; includeInIndex = 1; lastKnownFileType = text.xcconfig; name = "Pods-Akane_macOS.debug.xcconfig"; path = "Target Support Files/Pods-Akane_macOS/Pods-Akane_macOS.debug.xcconfig"; sourceTree = "<group>"; };
		9B02045EC74EF6E503E85996 /* Pods-Akane_SwiftUI.debug.xcconfig */ = {isa = PBXFileReference; includeInIndex = 1; lastKnownFileType = text.xcconfig; name = "Pods-Akane_SwiftUI.debug.xcconfig"; path = "Target Support Files/Pods-Akane_SwiftUI/Pods-Akane_SwiftUI.debug.xcconfig"; sourceTree = "<group>"; };
		9E92DDCF417280D3C8E36C3C /* Pods-Akane_macOS.release.xcconfig */ = {isa = PBXFileReference; includeInIndex = 1; lastKnownFileType = text.xcconfig; name = "Pods-Akane_macOS.release.xcconfig"; path = "Target Support Files/Pods-Akane_macOS/Pods-Akane_macOS.release.xcconfig"; sourceTree = "<group>"; };
		CA320AAC26AA8A8F00AB0CB3 /* Akane.app */ = {isa = PBXFileReference; explicitFileType = wrapper.application; includeInIndex = 0; path = Akane.app; sourceTree = BUILT_PRODUCTS_DIR; };
		CA320AAE26AA8A8F00AB0CB3 /* Akane_macOSApp.swift */ = {isa = PBXFileReference; lastKnownFileType = sourcecode.swift; path = Akane_macOSApp.swift; sourceTree = "<group>"; };
		CA320AB026AA8A8F00AB0CB3 /* ContentView.swift */ = {isa = PBXFileReference; lastKnownFileType = sourcecode.swift; path = ContentView.swift; sourceTree = "<group>"; };
		CA320AB226AA8A9000AB0CB3 /* Assets.xcassets */ = {isa = PBXFileReference; lastKnownFileType = folder.assetcatalog; path = Assets.xcassets; sourceTree = "<group>"; };
		CA320AB526AA8A9000AB0CB3 /* Preview Assets.xcassets */ = {isa = PBXFileReference; lastKnownFileType = folder.assetcatalog; path = "Preview Assets.xcassets"; sourceTree = "<group>"; };
		CA320AB726AA8A9000AB0CB3 /* Info.plist */ = {isa = PBXFileReference; lastKnownFileType = text.plist.xml; path = Info.plist; sourceTree = "<group>"; };
		CA320AB826AA8A9000AB0CB3 /* Akane_macOS.entitlements */ = {isa = PBXFileReference; lastKnownFileType = text.plist.entitlements; path = Akane_macOS.entitlements; sourceTree = "<group>"; };
		CA320ACB26AABF3600AB0CB3 /* AkaneCommands.swift */ = {isa = PBXFileReference; lastKnownFileType = sourcecode.swift; path = AkaneCommands.swift; sourceTree = "<group>"; };
		CA4F25E8269ED4D4002EB66C /* AKRootSection.swift */ = {isa = PBXFileReference; lastKnownFileType = sourcecode.swift; path = AKRootSection.swift; sourceTree = "<group>"; };
		CA6B079C269E73110073B61B /* AKPlaylist.swift */ = {isa = PBXFileReference; lastKnownFileType = sourcecode.swift; path = AKPlaylist.swift; sourceTree = "<group>"; };
		CA6B079E269E73490073B61B /* AKMovie.swift */ = {isa = PBXFileReference; lastKnownFileType = sourcecode.swift; path = AKMovie.swift; sourceTree = "<group>"; };
		CA6B07A3269E74230073B61B /* AKConstant.swift */ = {isa = PBXFileReference; lastKnownFileType = sourcecode.swift; path = AKConstant.swift; sourceTree = "<group>"; };
		CA6B1D80269D81B6005BA5ED /* AKDetailView.swift */ = {isa = PBXFileReference; lastKnownFileType = sourcecode.swift; path = AKDetailView.swift; sourceTree = "<group>"; };
		CA7D986126A1ADAC00343AA6 /* Akane.app */ = {isa = PBXFileReference; explicitFileType = wrapper.application; includeInIndex = 0; path = Akane.app; sourceTree = BUILT_PRODUCTS_DIR; };
		CA7F41EB26A03F8200106FAC /* AKRootSidebarViewController.swift */ = {isa = PBXFileReference; lastKnownFileType = sourcecode.swift; path = AKRootSidebarViewController.swift; sourceTree = "<group>"; };
		CACEE8EF269D4F1F00CF23A8 /* Akane_SwiftUI.entitlements */ = {isa = PBXFileReference; lastKnownFileType = text.plist.entitlements; path = Akane_SwiftUI.entitlements; sourceTree = "<group>"; };
		CAD7C294269D13CB00BD2DD0 /* AKRootList.swift */ = {isa = PBXFileReference; lastKnownFileType = sourcecode.swift; path = AKRootList.swift; sourceTree = "<group>"; };
		CAD7C296269D1BDF00BD2DD0 /* AKScanRow.swift */ = {isa = PBXFileReference; lastKnownFileType = sourcecode.swift; path = AKScanRow.swift; sourceTree = "<group>"; };
		CAD7C29C269D255900BD2DD0 /* Akane.app */ = {isa = PBXFileReference; explicitFileType = wrapper.application; includeInIndex = 0; path = Akane.app; sourceTree = BUILT_PRODUCTS_DIR; };
		CAD7C29E269D255900BD2DD0 /* Akane_SwiftUIApp.swift */ = {isa = PBXFileReference; lastKnownFileType = sourcecode.swift; path = Akane_SwiftUIApp.swift; sourceTree = "<group>"; };
		CAD7C2A0269D255900BD2DD0 /* ContentView.swift */ = {isa = PBXFileReference; lastKnownFileType = sourcecode.swift; path = ContentView.swift; sourceTree = "<group>"; };
		CAD7C2A2269D255B00BD2DD0 /* Assets.xcassets */ = {isa = PBXFileReference; lastKnownFileType = folder.assetcatalog; path = Assets.xcassets; sourceTree = "<group>"; };
		CAD7C2A5269D255B00BD2DD0 /* Preview Assets.xcassets */ = {isa = PBXFileReference; lastKnownFileType = folder.assetcatalog; path = "Preview Assets.xcassets"; sourceTree = "<group>"; };
		CAD7C2A7269D255B00BD2DD0 /* Info.plist */ = {isa = PBXFileReference; lastKnownFileType = text.plist.xml; path = Info.plist; sourceTree = "<group>"; };
		CAD7C2BD269D47AA00BD2DD0 /* AKModelData.swift */ = {isa = PBXFileReference; lastKnownFileType = sourcecode.swift; path = AKModelData.swift; sourceTree = "<group>"; };
		CADA39B026A27A4900A79A36 /* AKSidebarCollectionViewCell.swift */ = {isa = PBXFileReference; lastKnownFileType = sourcecode.swift; path = AKSidebarCollectionViewCell.swift; sourceTree = "<group>"; };
		D20DAFC429E63B69D8C097C7 /* Pods-Akane_iPadOS.release.xcconfig */ = {isa = PBXFileReference; includeInIndex = 1; lastKnownFileType = text.xcconfig; name = "Pods-Akane_iPadOS.release.xcconfig"; path = "Target Support Files/Pods-Akane_iPadOS/Pods-Akane_iPadOS.release.xcconfig"; sourceTree = "<group>"; };
		D261D5A4DAC78ED6817C71EA /* Pods-Akane_SwiftUI.release.xcconfig */ = {isa = PBXFileReference; includeInIndex = 1; lastKnownFileType = text.xcconfig; name = "Pods-Akane_SwiftUI.release.xcconfig"; path = "Target Support Files/Pods-Akane_SwiftUI/Pods-Akane_SwiftUI.release.xcconfig"; sourceTree = "<group>"; };
/* End PBXFileReference section */

/* Begin PBXFrameworksBuildPhase section */
		224EC17D2464F7AB002D72B6 /* Frameworks */ = {
			isa = PBXFrameworksBuildPhase;
			buildActionMask = 2147483647;
			files = (
				80682DAB3531687944B5D380 /* (null) in Frameworks */,
				C4DCA573B275F7BA520071D1 /* (null) in Frameworks */,
				9B996D394B60026BFBAC62B1 /* Pods_Akane.framework in Frameworks */,
			);
			runOnlyForDeploymentPostprocessing = 0;
		};
		CA320AA926AA8A8F00AB0CB3 /* Frameworks */ = {
			isa = PBXFrameworksBuildPhase;
			buildActionMask = 2147483647;
			files = (
				B71B1437CFB687F6C2FEEBE6 /* Pods_Akane_macOS.framework in Frameworks */,
			);
			runOnlyForDeploymentPostprocessing = 0;
		};
		CA7D985626A1ADAC00343AA6 /* Frameworks */ = {
			isa = PBXFrameworksBuildPhase;
			buildActionMask = 2147483647;
			files = (
				EC28BDBD84D899773850D171 /* Pods_Akane_iPadOS.framework in Frameworks */,
			);
			runOnlyForDeploymentPostprocessing = 0;
		};
		CAD7C299269D255900BD2DD0 /* Frameworks */ = {
			isa = PBXFrameworksBuildPhase;
			buildActionMask = 2147483647;
			files = (
				9A6585C1112D9A192DE18E2C /* Pods_Akane_SwiftUI.framework in Frameworks */,
			);
			runOnlyForDeploymentPostprocessing = 0;
		};
/* End PBXFrameworksBuildPhase section */

/* Begin PBXGroup section */
		2057CAD6339C167A185687E8 /* Frameworks */ = {
			isa = PBXGroup;
			children = (
				5EEF926EF40747EB3F2F6469 /* Pods_Akane_SwiftUI.framework */,
				39FAEFEB20E2135171681629 /* Pods_Akane_iPadOS.framework */,
				70E02C5CBD7698C0B4AAB629 /* Pods_Akane.framework */,
				192DEE9C8FD68FAD7B747464 /* Pods_Akane_macOS.framework */,
			);
			name = Frameworks;
			sourceTree = "<group>";
		};
		224EC1772464F7AA002D72B6 = {
			isa = PBXGroup;
			children = (
				224EC1822464F7AB002D72B6 /* Akane */,
				CAD7C29D269D255900BD2DD0 /* Akane_SwiftUI */,
				CA320AAD26AA8A8F00AB0CB3 /* Akane_macOS */,
				224EC1812464F7AB002D72B6 /* Products */,
				F158FAA13BD5315FDDCB8E74 /* Pods */,
				2057CAD6339C167A185687E8 /* Frameworks */,
			);
			sourceTree = "<group>";
		};
		224EC1812464F7AB002D72B6 /* Products */ = {
			isa = PBXGroup;
			children = (
				224EC1802464F7AB002D72B6 /* Akane.app */,
				CAD7C29C269D255900BD2DD0 /* Akane.app */,
				CA7D986126A1ADAC00343AA6 /* Akane.app */,
				CA320AAC26AA8A8F00AB0CB3 /* Akane.app */,
			);
			name = Products;
			sourceTree = "<group>";
		};
		224EC1822464F7AB002D72B6 /* Akane */ = {
			isa = PBXGroup;
			children = (
				22C3F56225F0A01A0090A739 /* Main */,
				22C3F56925F0A02B0090A739 /* AKController */,
				22C3F57225F0A0380090A739 /* AKCustomView */,
				22C3F58125F0A04B0090A739 /* AKModel */,
				22C3F58825F0A06D0090A739 /* AKManager */,
				22C3F59725F0A07B0090A739 /* AKUIKit */,
				224EC1832464F7AB002D72B6 /* AppDelegate.swift */,
				224EC1852464F7AB002D72B6 /* SceneDelegate.swift */,
				22C3F55925F09F7B0090A739 /* Main.storyboard */,
				224EC18F2464F7D7002D72B6 /* Assets.xcassets */,
				224EC1912464F7D7002D72B6 /* LaunchScreen.storyboard */,
				224EC1942464F7D7002D72B6 /* Info.plist */,
				224EC18C2464F7AB002D72B6 /* Akane.xcdatamodeld */,
				224EC1B62464FAF1002D72B6 /* Akane.entitlements */,
			);
			path = Akane;
			sourceTree = "<group>";
		};
		22C3F56225F0A01A0090A739 /* Main */ = {
			isa = PBXGroup;
			children = (
				22C3F56325F0A01A0090A739 /* AKRootViewController.swift */,
				22C3F56425F0A01A0090A739 /* AKDetailViewController.swift */,
				CA7F41EB26A03F8200106FAC /* AKRootSidebarViewController.swift */,
			);
			path = Main;
			sourceTree = "<group>";
		};
		22C3F56925F0A02B0090A739 /* AKController */ = {
			isa = PBXGroup;
			children = (
				22C3F56A25F0A02B0090A739 /* AKMovieDetailViewController.swift */,
				22C3F56B25F0A02B0090A739 /* AKPlaylistViewController.swift */,
				22C3F56C25F0A02B0090A739 /* AKPlayerViewController.swift */,
			);
			path = AKController;
			sourceTree = "<group>";
		};
		22C3F57225F0A0380090A739 /* AKCustomView */ = {
			isa = PBXGroup;
			children = (
				22C3F57825F0A0380090A739 /* AKScanTableViewCell.swift */,
				CADA39B026A27A4900A79A36 /* AKSidebarCollectionViewCell.swift */,
				22C3F57525F0A0380090A739 /* AKPlaylistMessageVIew.swift */,
				22C3F57425F0A0380090A739 /* AKMoviesDisplayView.swift */,
				22C3F57625F0A0380090A739 /* AKMovieCollectionViewCell.swift */,
				22C3F57325F0A0380090A739 /* AKPlayerView.swift */,
				22C3F57725F0A0380090A739 /* AKWaitingView.swift */,
			);
			path = AKCustomView;
			sourceTree = "<group>";
		};
		22C3F58125F0A04B0090A739 /* AKModel */ = {
			isa = PBXGroup;
			children = (
				22C3F58325F0A04B0090A739 /* AKMovie.swift */,
				22C3F58225F0A04B0090A739 /* AKPlaylist.swift */,
			);
			path = AKModel;
			sourceTree = "<group>";
		};
		22C3F58825F0A06D0090A739 /* AKManager */ = {
			isa = PBXGroup;
			children = (
				22C3F58C25F0A06D0090A739 /* AKManager.swift */,
				22C3F58B25F0A06D0090A739 /* AKConstant.swift */,
				22C3F58A25F0A06D0090A739 /* AKFunction.swift */,
				22C3F58D25F0A06D0090A739 /* AKFileOperation.swift */,
				22C3F58925F0A06D0090A739 /* AKDataBase.swift */,
				22C3F58E25F0A06D0090A739 /* AKError.swift */,
			);
			path = AKManager;
			sourceTree = "<group>";
		};
		22C3F59725F0A07B0090A739 /* AKUIKit */ = {
			isa = PBXGroup;
			children = (
				22C3F59E25F0A07B0090A739 /* AKUIViewController.swift */,
				22C3F5A025F0A07B0090A739 /* AKUITableViewController.swift */,
				22C3F59C25F0A07B0090A739 /* AKUICollectionView.swift */,
				22C3F5A225F0A07B0090A739 /* AKUIColor.swift */,
				22C3F59F25F0A07B0090A739 /* AKUIView.swift */,
				22C3F5A325F0A07B0090A739 /* AKUIFont.swift */,
				22C3F5A125F0A07B0090A739 /* AKUITableView.swift */,
				22C3F59D25F0A07B0090A739 /* AKUILabel.swift */,
				22C3F59925F0A07B0090A739 /* AKUIButton.swift */,
				22C3F59B25F0A07B0090A739 /* AKUIDocument.swift */,
				22C3F59A25F0A07B0090A739 /* AKUIActivityIndicatorView.swift */,
				22C3F59825F0A07B0090A739 /* AKUINavigationController.swift */,
			);
			path = AKUIKit;
			sourceTree = "<group>";
		};
		CA320AAD26AA8A8F00AB0CB3 /* Akane_macOS */ = {
			isa = PBXGroup;
			children = (
				CA320AC626AA905E00AB0CB3 /* AKViews */,
				CA320AAE26AA8A8F00AB0CB3 /* Akane_macOSApp.swift */,
				CA320AB026AA8A8F00AB0CB3 /* ContentView.swift */,
				CA320AB226AA8A9000AB0CB3 /* Assets.xcassets */,
				CA320AB726AA8A9000AB0CB3 /* Info.plist */,
				CA320ACB26AABF3600AB0CB3 /* AkaneCommands.swift */,
				CA320AB826AA8A9000AB0CB3 /* Akane_macOS.entitlements */,
				CA320AB426AA8A9000AB0CB3 /* Preview Content */,
			);
			path = Akane_macOS;
			sourceTree = "<group>";
		};
		CA320AB426AA8A9000AB0CB3 /* Preview Content */ = {
			isa = PBXGroup;
			children = (
				CA320AB526AA8A9000AB0CB3 /* Preview Assets.xcassets */,
			);
			path = "Preview Content";
			sourceTree = "<group>";
		};
		CA320AC626AA905E00AB0CB3 /* AKViews */ = {
			isa = PBXGroup;
			children = (
			);
			path = AKViews;
			sourceTree = "<group>";
		};
		CA6B079B269E6F470073B61B /* AKModels */ = {
			isa = PBXGroup;
			children = (
				CAD7C2BD269D47AA00BD2DD0 /* AKModelData.swift */,
				CA6B079C269E73110073B61B /* AKPlaylist.swift */,
				CA6B079E269E73490073B61B /* AKMovie.swift */,
				CA6B07A3269E74230073B61B /* AKConstant.swift */,
			);
			path = AKModels;
			sourceTree = "<group>";
		};
		CAD7C293269D139D00BD2DD0 /* AKViews */ = {
			isa = PBXGroup;
			children = (
				CAD7C2A0269D255900BD2DD0 /* ContentView.swift */,
				CAD7C294269D13CB00BD2DD0 /* AKRootList.swift */,
				CAD7C296269D1BDF00BD2DD0 /* AKScanRow.swift */,
				CA6B1D80269D81B6005BA5ED /* AKDetailView.swift */,
				CA4F25E8269ED4D4002EB66C /* AKRootSection.swift */,
			);
			path = AKViews;
			sourceTree = "<group>";
		};
		CAD7C29D269D255900BD2DD0 /* Akane_SwiftUI */ = {
			isa = PBXGroup;
			children = (
				CAD7C29E269D255900BD2DD0 /* Akane_SwiftUIApp.swift */,
				CAD7C293269D139D00BD2DD0 /* AKViews */,
				CA6B079B269E6F470073B61B /* AKModels */,
				CAD7C2A2269D255B00BD2DD0 /* Assets.xcassets */,
				CAD7C2A7269D255B00BD2DD0 /* Info.plist */,
				CACEE8EF269D4F1F00CF23A8 /* Akane_SwiftUI.entitlements */,
				CAD7C2A4269D255B00BD2DD0 /* Preview Content */,
			);
			path = Akane_SwiftUI;
			sourceTree = "<group>";
		};
		CAD7C2A4269D255B00BD2DD0 /* Preview Content */ = {
			isa = PBXGroup;
			children = (
				CAD7C2A5269D255B00BD2DD0 /* Preview Assets.xcassets */,
			);
			path = "Preview Content";
			sourceTree = "<group>";
		};
		F158FAA13BD5315FDDCB8E74 /* Pods */ = {
			isa = PBXGroup;
			children = (
				40ED24BC404A3A24B7EDE83B /* Pods-Akane.debug.xcconfig */,
				84B7E1B31BD59E082F6B56D3 /* Pods-Akane.release.xcconfig */,
				9B02045EC74EF6E503E85996 /* Pods-Akane_SwiftUI.debug.xcconfig */,
				D261D5A4DAC78ED6817C71EA /* Pods-Akane_SwiftUI.release.xcconfig */,
				631CF9C857DA8304B05DF3C2 /* Pods-Akane_iPadOS.debug.xcconfig */,
				D20DAFC429E63B69D8C097C7 /* Pods-Akane_iPadOS.release.xcconfig */,
				8F0B7A281ECC115B4906F7AF /* Pods-Akane_macOS.debug.xcconfig */,
				9E92DDCF417280D3C8E36C3C /* Pods-Akane_macOS.release.xcconfig */,
			);
			path = Pods;
			sourceTree = "<group>";
		};
/* End PBXGroup section */

/* Begin PBXNativeTarget section */
		224EC17F2464F7AB002D72B6 /* Akane */ = {
			isa = PBXNativeTarget;
			buildConfigurationList = 224EC1AD2464F7D7002D72B6 /* Build configuration list for PBXNativeTarget "Akane" */;
			buildPhases = (
				857EF36754FD1537C11B760B /* [CP] Check Pods Manifest.lock */,
				224EC17C2464F7AB002D72B6 /* Sources */,
				224EC17D2464F7AB002D72B6 /* Frameworks */,
				224EC17E2464F7AB002D72B6 /* Resources */,
				21816FEAB95B724C40EF79C5 /* [CP] Embed Pods Frameworks */,
			);
			buildRules = (
			);
			dependencies = (
			);
			name = Akane;
			productName = Akane;
			productReference = 224EC1802464F7AB002D72B6 /* Akane.app */;
			productType = "com.apple.product-type.application";
		};
		CA320AAB26AA8A8F00AB0CB3 /* Akane_macOS */ = {
			isa = PBXNativeTarget;
			buildConfigurationList = CA320AB926AA8A9000AB0CB3 /* Build configuration list for PBXNativeTarget "Akane_macOS" */;
			buildPhases = (
				C0A16B0DF3ED5E6F22B53415 /* [CP] Check Pods Manifest.lock */,
				CA320AA826AA8A8F00AB0CB3 /* Sources */,
				CA320AA926AA8A8F00AB0CB3 /* Frameworks */,
				CA320AAA26AA8A8F00AB0CB3 /* Resources */,
				51CAB5A54FC9C23A0064DF86 /* [CP] Embed Pods Frameworks */,
			);
			buildRules = (
			);
			dependencies = (
			);
			name = Akane_macOS;
			productName = Akane_macOS;
			productReference = CA320AAC26AA8A8F00AB0CB3 /* Akane.app */;
			productType = "com.apple.product-type.application";
		};
		CA7D982E26A1ADAC00343AA6 /* Akane_iPadOS */ = {
			isa = PBXNativeTarget;
			buildConfigurationList = CA7D985E26A1ADAC00343AA6 /* Build configuration list for PBXNativeTarget "Akane_iPadOS" */;
			buildPhases = (
				CA7D982F26A1ADAC00343AA6 /* [CP] Check Pods Manifest.lock */,
				CA7D983026A1ADAC00343AA6 /* Sources */,
				CA7D985626A1ADAC00343AA6 /* Frameworks */,
				CA7D985926A1ADAC00343AA6 /* Resources */,
				CA7D985D26A1ADAC00343AA6 /* [CP] Embed Pods Frameworks */,
			);
			buildRules = (
			);
			dependencies = (
			);
			name = Akane_iPadOS;
			productName = Akane;
			productReference = CA7D986126A1ADAC00343AA6 /* Akane.app */;
			productType = "com.apple.product-type.application";
		};
		CAD7C29B269D255900BD2DD0 /* Akane_SwiftUI */ = {
			isa = PBXNativeTarget;
			buildConfigurationList = CAD7C2A8269D255B00BD2DD0 /* Build configuration list for PBXNativeTarget "Akane_SwiftUI" */;
			buildPhases = (
				DB72830C696E01A9D8B24320 /* [CP] Check Pods Manifest.lock */,
				CAD7C298269D255900BD2DD0 /* Sources */,
				CAD7C299269D255900BD2DD0 /* Frameworks */,
				CAD7C29A269D255900BD2DD0 /* Resources */,
				C47C4C5E3E9342E0AFEF45C2 /* [CP] Embed Pods Frameworks */,
			);
			buildRules = (
			);
			dependencies = (
			);
			name = Akane_SwiftUI;
			productName = "Akane-SwiftUI";
			productReference = CAD7C29C269D255900BD2DD0 /* Akane.app */;
			productType = "com.apple.product-type.application";
		};
/* End PBXNativeTarget section */

/* Begin PBXProject section */
		224EC1782464F7AA002D72B6 /* Project object */ = {
			isa = PBXProject;
			attributes = {
				LastSwiftUpdateCheck = 1250;
				LastUpgradeCheck = 1250;
				ORGANIZATIONNAME = "Grass Plainson";
				TargetAttributes = {
					224EC17F2464F7AB002D72B6 = {
						CreatedOnToolsVersion = 11.4.1;
					};
					CA320AAB26AA8A8F00AB0CB3 = {
						CreatedOnToolsVersion = 12.5.1;
					};
					CAD7C29B269D255900BD2DD0 = {
						CreatedOnToolsVersion = 12.5.1;
					};
				};
			};
			buildConfigurationList = 224EC17B2464F7AA002D72B6 /* Build configuration list for PBXProject "Akane" */;
			compatibilityVersion = "Xcode 9.3";
			developmentRegion = en;
			hasScannedForEncodings = 0;
			knownRegions = (
				en,
				Base,
			);
			mainGroup = 224EC1772464F7AA002D72B6;
			productRefGroup = 224EC1812464F7AB002D72B6 /* Products */;
			projectDirPath = "";
			projectRoot = "";
			targets = (
				224EC17F2464F7AB002D72B6 /* Akane */,
				CA7D982E26A1ADAC00343AA6 /* Akane_iPadOS */,
				CAD7C29B269D255900BD2DD0 /* Akane_SwiftUI */,
				CA320AAB26AA8A8F00AB0CB3 /* Akane_macOS */,
			);
		};
/* End PBXProject section */

/* Begin PBXResourcesBuildPhase section */
		224EC17E2464F7AB002D72B6 /* Resources */ = {
			isa = PBXResourcesBuildPhase;
			buildActionMask = 2147483647;
			files = (
				224EC1932464F7D7002D72B6 /* LaunchScreen.storyboard in Resources */,
				CA53E55F269F10F800A88788 /* Assets.xcassets in Resources */,
				22C3F55A25F09F7C0090A739 /* Main.storyboard in Resources */,
			);
			runOnlyForDeploymentPostprocessing = 0;
		};
		CA320AAA26AA8A8F00AB0CB3 /* Resources */ = {
			isa = PBXResourcesBuildPhase;
			buildActionMask = 2147483647;
			files = (
				CA320AB626AA8A9000AB0CB3 /* Preview Assets.xcassets in Resources */,
				CA320AB326AA8A9000AB0CB3 /* Assets.xcassets in Resources */,
			);
			runOnlyForDeploymentPostprocessing = 0;
		};
		CA7D985926A1ADAC00343AA6 /* Resources */ = {
			isa = PBXResourcesBuildPhase;
			buildActionMask = 2147483647;
			files = (
				CA7D985A26A1ADAC00343AA6 /* LaunchScreen.storyboard in Resources */,
				CA7D985B26A1ADAC00343AA6 /* Assets.xcassets in Resources */,
				CA7D985C26A1ADAC00343AA6 /* Main.storyboard in Resources */,
			);
			runOnlyForDeploymentPostprocessing = 0;
		};
		CAD7C29A269D255900BD2DD0 /* Resources */ = {
			isa = PBXResourcesBuildPhase;
			buildActionMask = 2147483647;
			files = (
				CAD7C2A6269D255B00BD2DD0 /* Preview Assets.xcassets in Resources */,
				CAD7C2A3269D255B00BD2DD0 /* Assets.xcassets in Resources */,
			);
			runOnlyForDeploymentPostprocessing = 0;
		};
/* End PBXResourcesBuildPhase section */

/* Begin PBXShellScriptBuildPhase section */
		21816FEAB95B724C40EF79C5 /* [CP] Embed Pods Frameworks */ = {
			isa = PBXShellScriptBuildPhase;
			buildActionMask = 2147483647;
			files = (
			);
			inputFileListPaths = (
				"${PODS_ROOT}/Target Support Files/Pods-Akane/Pods-Akane-frameworks-${CONFIGURATION}-input-files.xcfilelist",
			);
			name = "[CP] Embed Pods Frameworks";
			outputFileListPaths = (
				"${PODS_ROOT}/Target Support Files/Pods-Akane/Pods-Akane-frameworks-${CONFIGURATION}-output-files.xcfilelist",
			);
			runOnlyForDeploymentPostprocessing = 0;
			shellPath = /bin/sh;
			shellScript = "\"${PODS_ROOT}/Target Support Files/Pods-Akane/Pods-Akane-frameworks.sh\"\n";
			showEnvVarsInLog = 0;
		};
		51CAB5A54FC9C23A0064DF86 /* [CP] Embed Pods Frameworks */ = {
			isa = PBXShellScriptBuildPhase;
			buildActionMask = 2147483647;
			files = (
			);
			inputFileListPaths = (
				"${PODS_ROOT}/Target Support Files/Pods-Akane_macOS/Pods-Akane_macOS-frameworks-${CONFIGURATION}-input-files.xcfilelist",
			);
			name = "[CP] Embed Pods Frameworks";
			outputFileListPaths = (
				"${PODS_ROOT}/Target Support Files/Pods-Akane_macOS/Pods-Akane_macOS-frameworks-${CONFIGURATION}-output-files.xcfilelist",
			);
			runOnlyForDeploymentPostprocessing = 0;
			shellPath = /bin/sh;
			shellScript = "\"${PODS_ROOT}/Target Support Files/Pods-Akane_macOS/Pods-Akane_macOS-frameworks.sh\"\n";
			showEnvVarsInLog = 0;
		};
		857EF36754FD1537C11B760B /* [CP] Check Pods Manifest.lock */ = {
			isa = PBXShellScriptBuildPhase;
			buildActionMask = 2147483647;
			files = (
			);
			inputFileListPaths = (
			);
			inputPaths = (
				"${PODS_PODFILE_DIR_PATH}/Podfile.lock",
				"${PODS_ROOT}/Manifest.lock",
			);
			name = "[CP] Check Pods Manifest.lock";
			outputFileListPaths = (
			);
			outputPaths = (
				"$(DERIVED_FILE_DIR)/Pods-Akane-checkManifestLockResult.txt",
			);
			runOnlyForDeploymentPostprocessing = 0;
			shellPath = /bin/sh;
			shellScript = "diff \"${PODS_PODFILE_DIR_PATH}/Podfile.lock\" \"${PODS_ROOT}/Manifest.lock\" > /dev/null\nif [ $? != 0 ] ; then\n    # print error to STDERR\n    echo \"error: The sandbox is not in sync with the Podfile.lock. Run 'pod install' or update your CocoaPods installation.\" >&2\n    exit 1\nfi\n# This output is used by Xcode 'outputs' to avoid re-running this script phase.\necho \"SUCCESS\" > \"${SCRIPT_OUTPUT_FILE_0}\"\n";
			showEnvVarsInLog = 0;
		};
		C0A16B0DF3ED5E6F22B53415 /* [CP] Check Pods Manifest.lock */ = {
			isa = PBXShellScriptBuildPhase;
			buildActionMask = 2147483647;
			files = (
			);
			inputFileListPaths = (
			);
			inputPaths = (
				"${PODS_PODFILE_DIR_PATH}/Podfile.lock",
				"${PODS_ROOT}/Manifest.lock",
			);
			name = "[CP] Check Pods Manifest.lock";
			outputFileListPaths = (
			);
			outputPaths = (
				"$(DERIVED_FILE_DIR)/Pods-Akane_macOS-checkManifestLockResult.txt",
			);
			runOnlyForDeploymentPostprocessing = 0;
			shellPath = /bin/sh;
			shellScript = "diff \"${PODS_PODFILE_DIR_PATH}/Podfile.lock\" \"${PODS_ROOT}/Manifest.lock\" > /dev/null\nif [ $? != 0 ] ; then\n    # print error to STDERR\n    echo \"error: The sandbox is not in sync with the Podfile.lock. Run 'pod install' or update your CocoaPods installation.\" >&2\n    exit 1\nfi\n# This output is used by Xcode 'outputs' to avoid re-running this script phase.\necho \"SUCCESS\" > \"${SCRIPT_OUTPUT_FILE_0}\"\n";
			showEnvVarsInLog = 0;
		};
		C47C4C5E3E9342E0AFEF45C2 /* [CP] Embed Pods Frameworks */ = {
			isa = PBXShellScriptBuildPhase;
			buildActionMask = 2147483647;
			files = (
			);
			inputFileListPaths = (
				"${PODS_ROOT}/Target Support Files/Pods-Akane_SwiftUI/Pods-Akane_SwiftUI-frameworks-${CONFIGURATION}-input-files.xcfilelist",
			);
			name = "[CP] Embed Pods Frameworks";
			outputFileListPaths = (
				"${PODS_ROOT}/Target Support Files/Pods-Akane_SwiftUI/Pods-Akane_SwiftUI-frameworks-${CONFIGURATION}-output-files.xcfilelist",
			);
			runOnlyForDeploymentPostprocessing = 0;
			shellPath = /bin/sh;
			shellScript = "\"${PODS_ROOT}/Target Support Files/Pods-Akane_SwiftUI/Pods-Akane_SwiftUI-frameworks.sh\"\n";
			showEnvVarsInLog = 0;
		};
		CA7D982F26A1ADAC00343AA6 /* [CP] Check Pods Manifest.lock */ = {
			isa = PBXShellScriptBuildPhase;
			buildActionMask = 2147483647;
			files = (
			);
			inputFileListPaths = (
			);
			inputPaths = (
				"${PODS_PODFILE_DIR_PATH}/Podfile.lock",
				"${PODS_ROOT}/Manifest.lock",
			);
			name = "[CP] Check Pods Manifest.lock";
			outputFileListPaths = (
			);
			outputPaths = (
				"$(DERIVED_FILE_DIR)/Pods-Akane_iPadOS-checkManifestLockResult.txt",
			);
			runOnlyForDeploymentPostprocessing = 0;
			shellPath = /bin/sh;
			shellScript = "diff \"${PODS_PODFILE_DIR_PATH}/Podfile.lock\" \"${PODS_ROOT}/Manifest.lock\" > /dev/null\nif [ $? != 0 ] ; then\n    # print error to STDERR\n    echo \"error: The sandbox is not in sync with the Podfile.lock. Run 'pod install' or update your CocoaPods installation.\" >&2\n    exit 1\nfi\n# This output is used by Xcode 'outputs' to avoid re-running this script phase.\necho \"SUCCESS\" > \"${SCRIPT_OUTPUT_FILE_0}\"\n";
			showEnvVarsInLog = 0;
		};
		CA7D985D26A1ADAC00343AA6 /* [CP] Embed Pods Frameworks */ = {
			isa = PBXShellScriptBuildPhase;
			buildActionMask = 2147483647;
			files = (
			);
			inputFileListPaths = (
				"${PODS_ROOT}/Target Support Files/Pods-Akane_iPadOS/Pods-Akane_iPadOS-frameworks-${CONFIGURATION}-input-files.xcfilelist",
			);
			name = "[CP] Embed Pods Frameworks";
			outputFileListPaths = (
				"${PODS_ROOT}/Target Support Files/Pods-Akane_iPadOS/Pods-Akane_iPadOS-frameworks-${CONFIGURATION}-output-files.xcfilelist",
			);
			runOnlyForDeploymentPostprocessing = 0;
			shellPath = /bin/sh;
			shellScript = "\"${PODS_ROOT}/Target Support Files/Pods-Akane_iPadOS/Pods-Akane_iPadOS-frameworks.sh\"\n";
			showEnvVarsInLog = 0;
		};
		DB72830C696E01A9D8B24320 /* [CP] Check Pods Manifest.lock */ = {
			isa = PBXShellScriptBuildPhase;
			buildActionMask = 2147483647;
			files = (
			);
			inputFileListPaths = (
			);
			inputPaths = (
				"${PODS_PODFILE_DIR_PATH}/Podfile.lock",
				"${PODS_ROOT}/Manifest.lock",
			);
			name = "[CP] Check Pods Manifest.lock";
			outputFileListPaths = (
			);
			outputPaths = (
				"$(DERIVED_FILE_DIR)/Pods-Akane_SwiftUI-checkManifestLockResult.txt",
			);
			runOnlyForDeploymentPostprocessing = 0;
			shellPath = /bin/sh;
			shellScript = "diff \"${PODS_PODFILE_DIR_PATH}/Podfile.lock\" \"${PODS_ROOT}/Manifest.lock\" > /dev/null\nif [ $? != 0 ] ; then\n    # print error to STDERR\n    echo \"error: The sandbox is not in sync with the Podfile.lock. Run 'pod install' or update your CocoaPods installation.\" >&2\n    exit 1\nfi\n# This output is used by Xcode 'outputs' to avoid re-running this script phase.\necho \"SUCCESS\" > \"${SCRIPT_OUTPUT_FILE_0}\"\n";
			showEnvVarsInLog = 0;
		};
/* End PBXShellScriptBuildPhase section */

/* Begin PBXSourcesBuildPhase section */
		224EC17C2464F7AB002D72B6 /* Sources */ = {
			isa = PBXSourcesBuildPhase;
			buildActionMask = 2147483647;
			files = (
				22C3F57C25F0A0380090A739 /* AKMovieCollectionViewCell.swift in Sources */,
				22C3F56625F0A01A0090A739 /* AKDetailViewController.swift in Sources */,
				22C3F5AE25F0A07B0090A739 /* AKUIColor.swift in Sources */,
				22C3F56D25F0A02B0090A739 /* AKMovieDetailViewController.swift in Sources */,
				22C3F59125F0A06D0090A739 /* AKConstant.swift in Sources */,
				22C3F5A525F0A07B0090A739 /* AKUIButton.swift in Sources */,
				22C3F59325F0A06D0090A739 /* AKFileOperation.swift in Sources */,
				22C3F59225F0A06D0090A739 /* AKManager.swift in Sources */,
				22C3F5A925F0A07B0090A739 /* AKUILabel.swift in Sources */,
				22C3F57D25F0A0380090A739 /* AKWaitingView.swift in Sources */,
				22C3F58F25F0A06D0090A739 /* AKDataBase.swift in Sources */,
				CA6B1D81269D81B6005BA5ED /* AKDetailView.swift in Sources */,
				22C3F58425F0A04B0090A739 /* AKPlaylist.swift in Sources */,
				22C3F5AB25F0A07B0090A739 /* AKUIView.swift in Sources */,
				22C3F59425F0A06D0090A739 /* AKError.swift in Sources */,
				CA7F41EC26A03F8200106FAC /* AKRootSidebarViewController.swift in Sources */,
				22C3F5A725F0A07B0090A739 /* AKUIDocument.swift in Sources */,
				22C3F5AD25F0A07B0090A739 /* AKUITableView.swift in Sources */,
				22C3F57925F0A0380090A739 /* AKPlayerView.swift in Sources */,
				22C3F57E25F0A0380090A739 /* AKScanTableViewCell.swift in Sources */,
				22C3F58525F0A04B0090A739 /* AKMovie.swift in Sources */,
				22C3F56F25F0A02B0090A739 /* AKPlayerViewController.swift in Sources */,
				22C3F5A425F0A07B0090A739 /* AKUINavigationController.swift in Sources */,
				22C3F59025F0A06D0090A739 /* AKFunction.swift in Sources */,
				224EC1842464F7AB002D72B6 /* AppDelegate.swift in Sources */,
				22C3F5AF25F0A07B0090A739 /* AKUIFont.swift in Sources */,
				22C3F5A825F0A07B0090A739 /* AKUICollectionView.swift in Sources */,
				22C3F57A25F0A0380090A739 /* AKMoviesDisplayView.swift in Sources */,
				CADA39B126A27A4900A79A36 /* AKSidebarCollectionViewCell.swift in Sources */,
				224EC18E2464F7AB002D72B6 /* Akane.xcdatamodeld in Sources */,
				224EC1862464F7AB002D72B6 /* SceneDelegate.swift in Sources */,
				22C3F5AA25F0A07B0090A739 /* AKUIViewController.swift in Sources */,
				22C3F5AC25F0A07B0090A739 /* AKUITableViewController.swift in Sources */,
				22C3F5A625F0A07B0090A739 /* AKUIActivityIndicatorView.swift in Sources */,
				22C3F57B25F0A0380090A739 /* AKPlaylistMessageVIew.swift in Sources */,
				22C3F56E25F0A02B0090A739 /* AKPlaylistViewController.swift in Sources */,
			);
			runOnlyForDeploymentPostprocessing = 0;
		};
		CA320AA826AA8A8F00AB0CB3 /* Sources */ = {
			isa = PBXSourcesBuildPhase;
			buildActionMask = 2147483647;
			files = (
				CA320AB126AA8A8F00AB0CB3 /* ContentView.swift in Sources */,
				CA320AC126AA8CA900AB0CB3 /* AKConstant.swift in Sources */,
				CA320ABE26AA8C3E00AB0CB3 /* AKModelData.swift in Sources */,
				CA320AC326AA8CD200AB0CB3 /* AKFileOperation.swift in Sources */,
				CA320AAF26AA8A8F00AB0CB3 /* Akane_macOSApp.swift in Sources */,
				CA320ACD26AAC1D100AB0CB3 /* AKDetailView.swift in Sources */,
				CA320ACC26AABF3600AB0CB3 /* AkaneCommands.swift in Sources */,
				CA320AC026AA8C4400AB0CB3 /* AKMovie.swift in Sources */,
				CA320AC426AA8CD500AB0CB3 /* AKDataBase.swift in Sources */,
				CA320ACA26AAB8E500AB0CB3 /* AKRootList.swift in Sources */,
				CA320ABD26AA8AA800AB0CB3 /* AKScanRow.swift in Sources */,
				CA320AC526AA8CDA00AB0CB3 /* AKFunction.swift in Sources */,
				CA320AC226AA8CC800AB0CB3 /* AKManager.swift in Sources */,
				CA320ABF26AA8C4200AB0CB3 /* AKPlaylist.swift in Sources */,
			);
			runOnlyForDeploymentPostprocessing = 0;
		};
		CA7D983026A1ADAC00343AA6 /* Sources */ = {
			isa = PBXSourcesBuildPhase;
			buildActionMask = 2147483647;
			files = (
				CA7D983126A1ADAC00343AA6 /* AKMovieCollectionViewCell.swift in Sources */,
				CA7D983226A1ADAC00343AA6 /* AKDetailViewController.swift in Sources */,
				CA7D983326A1ADAC00343AA6 /* AKUIColor.swift in Sources */,
				CA7D983426A1ADAC00343AA6 /* AKMovieDetailViewController.swift in Sources */,
				CA7D983526A1ADAC00343AA6 /* AKConstant.swift in Sources */,
				CA7D983626A1ADAC00343AA6 /* AKUIButton.swift in Sources */,
				CA7D983726A1ADAC00343AA6 /* AKFileOperation.swift in Sources */,
				CA7D983826A1ADAC00343AA6 /* AKManager.swift in Sources */,
				CA7D983926A1ADAC00343AA6 /* AKUILabel.swift in Sources */,
				CA7D983A26A1ADAC00343AA6 /* AKWaitingView.swift in Sources */,
				CA7D983B26A1ADAC00343AA6 /* AKDataBase.swift in Sources */,
				CA7D983C26A1ADAC00343AA6 /* AKDetailView.swift in Sources */,
				CA7D983D26A1ADAC00343AA6 /* AKPlaylist.swift in Sources */,
				CA7D983E26A1ADAC00343AA6 /* AKUIView.swift in Sources */,
				CA7D983F26A1ADAC00343AA6 /* AKError.swift in Sources */,
				CA7D984126A1ADAC00343AA6 /* AKRootSidebarViewController.swift in Sources */,
				CA7D984226A1ADAC00343AA6 /* AKUIDocument.swift in Sources */,
				CA7D984326A1ADAC00343AA6 /* AKUITableView.swift in Sources */,
				CA7D984426A1ADAC00343AA6 /* AKPlayerView.swift in Sources */,
				CA7D984526A1ADAC00343AA6 /* AKScanTableViewCell.swift in Sources */,
				CA7D984626A1ADAC00343AA6 /* AKMovie.swift in Sources */,
				CA7D984726A1ADAC00343AA6 /* AKPlayerViewController.swift in Sources */,
				CA7D984826A1ADAC00343AA6 /* AKUINavigationController.swift in Sources */,
				CA7D984926A1ADAC00343AA6 /* AKFunction.swift in Sources */,
				CA7D984A26A1ADAC00343AA6 /* AppDelegate.swift in Sources */,
				CA7D984B26A1ADAC00343AA6 /* AKUIFont.swift in Sources */,
				CA7D984C26A1ADAC00343AA6 /* AKUICollectionView.swift in Sources */,
				CA7D984D26A1ADAC00343AA6 /* AKMoviesDisplayView.swift in Sources */,
				CADA39B226A27A4900A79A36 /* AKSidebarCollectionViewCell.swift in Sources */,
				CA7D984E26A1ADAC00343AA6 /* Akane.xcdatamodeld in Sources */,
				CA7D984F26A1ADAC00343AA6 /* SceneDelegate.swift in Sources */,
				CA7D985026A1ADAC00343AA6 /* AKUIViewController.swift in Sources */,
				CA7D985126A1ADAC00343AA6 /* AKUITableViewController.swift in Sources */,
				CA7D985226A1ADAC00343AA6 /* AKUIActivityIndicatorView.swift in Sources */,
				CA7D985326A1ADAC00343AA6 /* AKPlaylistMessageVIew.swift in Sources */,
				CA7D985426A1ADAC00343AA6 /* AKPlaylistViewController.swift in Sources */,
			);
			runOnlyForDeploymentPostprocessing = 0;
		};
		CAD7C298269D255900BD2DD0 /* Sources */ = {
			isa = PBXSourcesBuildPhase;
			buildActionMask = 2147483647;
			files = (
				CA6B07A6269E76370073B61B /* AKDataBase.swift in Sources */,
				CA6B07A5269E762F0073B61B /* AKManager.swift in Sources */,
				CACEE8F3269D553400CF23A8 /* AKUIView.swift in Sources */,
				CAD7C2BE269D47AA00BD2DD0 /* AKModelData.swift in Sources */,
				CAD7C2A1269D255900BD2DD0 /* ContentView.swift in Sources */,
				CA6B079F269E73490073B61B /* AKMovie.swift in Sources */,
				CACEE8F4269D553600CF23A8 /* AKUIColor.swift in Sources */,
				CAD7C29F269D255900BD2DD0 /* Akane_SwiftUIApp.swift in Sources */,
				CACEE8FC269D554D00CF23A8 /* AKUINavigationController.swift in Sources */,
				CA4F25E9269ED4D4002EB66C /* AKRootSection.swift in Sources */,
				CACEE8F2269D553100CF23A8 /* AKUITableViewController.swift in Sources */,
				CA6B07A4269E74230073B61B /* AKConstant.swift in Sources */,
				CAD7C2AB269D256A00BD2DD0 /* AKRootList.swift in Sources */,
				CACEE8F9269D554500CF23A8 /* AKUICollectionView.swift in Sources */,
				CACEE8F5269D553B00CF23A8 /* AKUIFont.swift in Sources */,
				CACEE8F8269D554200CF23A8 /* AKUIButton.swift in Sources */,
				CA6B1D82269D81B6005BA5ED /* AKDetailView.swift in Sources */,
				CA6B07A7269E7B2D0073B61B /* AKFunction.swift in Sources */,
				CACEE8F7269D553F00CF23A8 /* AKUILabel.swift in Sources */,
				CACEE8F6269D553D00CF23A8 /* AKUITableView.swift in Sources */,
				CACEE8F1269D552E00CF23A8 /* AKUIViewController.swift in Sources */,
				CACEE8FA269D554800CF23A8 /* AKUIDocument.swift in Sources */,
				CA6B079D269E73110073B61B /* AKPlaylist.swift in Sources */,
				CA6B07A2269E73E40073B61B /* AKFileOperation.swift in Sources */,
				CAD7C2AC269D256D00BD2DD0 /* AKScanRow.swift in Sources */,
				CACEE8FB269D554A00CF23A8 /* AKUIActivityIndicatorView.swift in Sources */,
			);
			runOnlyForDeploymentPostprocessing = 0;
		};
/* End PBXSourcesBuildPhase section */

/* Begin PBXVariantGroup section */
		224EC1912464F7D7002D72B6 /* LaunchScreen.storyboard */ = {
			isa = PBXVariantGroup;
			children = (
				224EC1922464F7D7002D72B6 /* Base */,
			);
			name = LaunchScreen.storyboard;
			sourceTree = "<group>";
		};
/* End PBXVariantGroup section */

/* Begin XCBuildConfiguration section */
		224EC1AB2464F7D7002D72B6 /* Debug */ = {
			isa = XCBuildConfiguration;
			buildSettings = {
				ALWAYS_SEARCH_USER_PATHS = NO;
				CLANG_ANALYZER_NONNULL = YES;
				CLANG_ANALYZER_NUMBER_OBJECT_CONVERSION = YES_AGGRESSIVE;
				CLANG_CXX_LANGUAGE_STANDARD = "gnu++14";
				CLANG_CXX_LIBRARY = "libc++";
				CLANG_ENABLE_MODULES = YES;
				CLANG_ENABLE_OBJC_ARC = YES;
				CLANG_ENABLE_OBJC_WEAK = YES;
				CLANG_WARN_BLOCK_CAPTURE_AUTORELEASING = YES;
				CLANG_WARN_BOOL_CONVERSION = YES;
				CLANG_WARN_COMMA = YES;
				CLANG_WARN_CONSTANT_CONVERSION = YES;
				CLANG_WARN_DEPRECATED_OBJC_IMPLEMENTATIONS = YES;
				CLANG_WARN_DIRECT_OBJC_ISA_USAGE = YES_ERROR;
				CLANG_WARN_DOCUMENTATION_COMMENTS = YES;
				CLANG_WARN_EMPTY_BODY = YES;
				CLANG_WARN_ENUM_CONVERSION = YES;
				CLANG_WARN_INFINITE_RECURSION = YES;
				CLANG_WARN_INT_CONVERSION = YES;
				CLANG_WARN_NON_LITERAL_NULL_CONVERSION = YES;
				CLANG_WARN_OBJC_IMPLICIT_RETAIN_SELF = YES;
				CLANG_WARN_OBJC_LITERAL_CONVERSION = YES;
				CLANG_WARN_OBJC_ROOT_CLASS = YES_ERROR;
				CLANG_WARN_QUOTED_INCLUDE_IN_FRAMEWORK_HEADER = YES;
				CLANG_WARN_RANGE_LOOP_ANALYSIS = YES;
				CLANG_WARN_STRICT_PROTOTYPES = YES;
				CLANG_WARN_SUSPICIOUS_MOVE = YES;
				CLANG_WARN_UNGUARDED_AVAILABILITY = YES_AGGRESSIVE;
				CLANG_WARN_UNREACHABLE_CODE = YES;
				CLANG_WARN__DUPLICATE_METHOD_MATCH = YES;
				COPY_PHASE_STRIP = NO;
				DEBUG_INFORMATION_FORMAT = dwarf;
				ENABLE_STRICT_OBJC_MSGSEND = YES;
				ENABLE_TESTABILITY = YES;
				GCC_C_LANGUAGE_STANDARD = gnu11;
				GCC_DYNAMIC_NO_PIC = NO;
				GCC_NO_COMMON_BLOCKS = YES;
				GCC_OPTIMIZATION_LEVEL = 0;
				GCC_PREPROCESSOR_DEFINITIONS = (
					"DEBUG=1",
					"$(inherited)",
				);
				GCC_WARN_64_TO_32_BIT_CONVERSION = YES;
				GCC_WARN_ABOUT_RETURN_TYPE = YES_ERROR;
				GCC_WARN_UNDECLARED_SELECTOR = YES;
				GCC_WARN_UNINITIALIZED_AUTOS = YES_AGGRESSIVE;
				GCC_WARN_UNUSED_FUNCTION = YES;
				GCC_WARN_UNUSED_VARIABLE = YES;
				IPHONEOS_DEPLOYMENT_TARGET = 13.4;
				MTL_ENABLE_DEBUG_INFO = INCLUDE_SOURCE;
				MTL_FAST_MATH = YES;
				ONLY_ACTIVE_ARCH = YES;
				SDKROOT = iphoneos;
				SWIFT_ACTIVE_COMPILATION_CONDITIONS = DEBUG;
				SWIFT_OPTIMIZATION_LEVEL = "-Onone";
			};
			name = Debug;
		};
		224EC1AC2464F7D7002D72B6 /* Release */ = {
			isa = XCBuildConfiguration;
			buildSettings = {
				ALWAYS_SEARCH_USER_PATHS = NO;
				CLANG_ANALYZER_NONNULL = YES;
				CLANG_ANALYZER_NUMBER_OBJECT_CONVERSION = YES_AGGRESSIVE;
				CLANG_CXX_LANGUAGE_STANDARD = "gnu++14";
				CLANG_CXX_LIBRARY = "libc++";
				CLANG_ENABLE_MODULES = YES;
				CLANG_ENABLE_OBJC_ARC = YES;
				CLANG_ENABLE_OBJC_WEAK = YES;
				CLANG_WARN_BLOCK_CAPTURE_AUTORELEASING = YES;
				CLANG_WARN_BOOL_CONVERSION = YES;
				CLANG_WARN_COMMA = YES;
				CLANG_WARN_CONSTANT_CONVERSION = YES;
				CLANG_WARN_DEPRECATED_OBJC_IMPLEMENTATIONS = YES;
				CLANG_WARN_DIRECT_OBJC_ISA_USAGE = YES_ERROR;
				CLANG_WARN_DOCUMENTATION_COMMENTS = YES;
				CLANG_WARN_EMPTY_BODY = YES;
				CLANG_WARN_ENUM_CONVERSION = YES;
				CLANG_WARN_INFINITE_RECURSION = YES;
				CLANG_WARN_INT_CONVERSION = YES;
				CLANG_WARN_NON_LITERAL_NULL_CONVERSION = YES;
				CLANG_WARN_OBJC_IMPLICIT_RETAIN_SELF = YES;
				CLANG_WARN_OBJC_LITERAL_CONVERSION = YES;
				CLANG_WARN_OBJC_ROOT_CLASS = YES_ERROR;
				CLANG_WARN_QUOTED_INCLUDE_IN_FRAMEWORK_HEADER = YES;
				CLANG_WARN_RANGE_LOOP_ANALYSIS = YES;
				CLANG_WARN_STRICT_PROTOTYPES = YES;
				CLANG_WARN_SUSPICIOUS_MOVE = YES;
				CLANG_WARN_UNGUARDED_AVAILABILITY = YES_AGGRESSIVE;
				CLANG_WARN_UNREACHABLE_CODE = YES;
				CLANG_WARN__DUPLICATE_METHOD_MATCH = YES;
				COPY_PHASE_STRIP = NO;
				DEBUG_INFORMATION_FORMAT = "dwarf-with-dsym";
				ENABLE_NS_ASSERTIONS = NO;
				ENABLE_STRICT_OBJC_MSGSEND = YES;
				GCC_C_LANGUAGE_STANDARD = gnu11;
				GCC_NO_COMMON_BLOCKS = YES;
				GCC_WARN_64_TO_32_BIT_CONVERSION = YES;
				GCC_WARN_ABOUT_RETURN_TYPE = YES_ERROR;
				GCC_WARN_UNDECLARED_SELECTOR = YES;
				GCC_WARN_UNINITIALIZED_AUTOS = YES_AGGRESSIVE;
				GCC_WARN_UNUSED_FUNCTION = YES;
				GCC_WARN_UNUSED_VARIABLE = YES;
				IPHONEOS_DEPLOYMENT_TARGET = 13.4;
				MTL_ENABLE_DEBUG_INFO = NO;
				MTL_FAST_MATH = YES;
				SDKROOT = iphoneos;
				SWIFT_COMPILATION_MODE = wholemodule;
				SWIFT_OPTIMIZATION_LEVEL = "-O";
				VALIDATE_PRODUCT = YES;
			};
			name = Release;
		};
		224EC1AE2464F7D7002D72B6 /* Debug */ = {
			isa = XCBuildConfiguration;
			baseConfigurationReference = 40ED24BC404A3A24B7EDE83B /* Pods-Akane.debug.xcconfig */;
			buildSettings = {
				ASSETCATALOG_COMPILER_APPICON_NAME = AppIcon;
				CODE_SIGN_ENTITLEMENTS = Akane/Akane.entitlements;
				CODE_SIGN_IDENTITY = "Apple Development: Xiaoling Wang (358YVC7LH8)";
				"CODE_SIGN_IDENTITY[sdk=iphoneos*]" = "Apple Development: Xiaoling Wang (358YVC7LH8)";
				CODE_SIGN_STYLE = Manual;
				CURRENT_PROJECT_VERSION = 6;
				DEVELOPMENT_TEAM = YK6G2Z3K97;
				INFOPLIST_FILE = Akane/Info.plist;
				IPHONEOS_DEPLOYMENT_TARGET = 14.5;
				LD_RUNPATH_SEARCH_PATHS = (
					"$(inherited)",
					"@executable_path/Frameworks",
				);
				MARKETING_VERSION = 1.2;
				PRODUCT_BUNDLE_IDENTIFIER = cn.com.grass.shizuku.Akane;
				PRODUCT_NAME = "$(TARGET_NAME)";
				PROVISIONING_PROFILE_SPECIFIER = "Akane iOS Development Profile";
				"PROVISIONING_PROFILE_SPECIFIER[sdk=iphoneos*]" = "Akane iOS Development Profile";
				SUPPORTS_MACCATALYST = NO;
				SWIFT_ACTIVE_COMPILATION_CONDITIONS = "DEBUG Debug iPhoneOS Akane";
				SWIFT_VERSION = 5.0;
				TARGETED_DEVICE_FAMILY = 1;
			};
			name = Debug;
		};
		224EC1AF2464F7D7002D72B6 /* Release */ = {
			isa = XCBuildConfiguration;
			baseConfigurationReference = 84B7E1B31BD59E082F6B56D3 /* Pods-Akane.release.xcconfig */;
			buildSettings = {
				ASSETCATALOG_COMPILER_APPICON_NAME = AppIcon;
				CODE_SIGN_ENTITLEMENTS = Akane/Akane.entitlements;
				CODE_SIGN_IDENTITY = "Apple Distribution: Xiaoling Wang (YK6G2Z3K97)";
				"CODE_SIGN_IDENTITY[sdk=iphoneos*]" = "Apple Distribution: Xiaoling Wang (YK6G2Z3K97)";
				CODE_SIGN_STYLE = Manual;
				CURRENT_PROJECT_VERSION = 6;
				DEVELOPMENT_TEAM = YK6G2Z3K97;
				INFOPLIST_FILE = Akane/Info.plist;
				IPHONEOS_DEPLOYMENT_TARGET = 14.5;
				LD_RUNPATH_SEARCH_PATHS = (
					"$(inherited)",
					"@executable_path/Frameworks",
				);
				MARKETING_VERSION = 1.2;
				PRODUCT_BUNDLE_IDENTIFIER = cn.com.grass.shizuku.Akane;
				PRODUCT_NAME = "$(TARGET_NAME)";
				PROVISIONING_PROFILE_SPECIFIER = "Akane iOS Distribution Profile";
				"PROVISIONING_PROFILE_SPECIFIER[sdk=iphoneos*]" = "Akane iOS Distribution Profile";
				SUPPORTS_MACCATALYST = NO;
				SWIFT_ACTIVE_COMPILATION_CONDITIONS = "Release iPhoneOS Akane";
				SWIFT_VERSION = 5.0;
				TARGETED_DEVICE_FAMILY = 1;
			};
			name = Release;
		};
		CA320ABA26AA8A9000AB0CB3 /* Debug */ = {
			isa = XCBuildConfiguration;
			baseConfigurationReference = 8F0B7A281ECC115B4906F7AF /* Pods-Akane_macOS.debug.xcconfig */;
			buildSettings = {
				ASSETCATALOG_COMPILER_APPICON_NAME = AppIcon;
				ASSETCATALOG_COMPILER_GLOBAL_ACCENT_COLOR_NAME = AccentColor;
				CODE_SIGN_ENTITLEMENTS = Akane_macOS/Akane_macOS.entitlements;
				CODE_SIGN_IDENTITY = "Mac Developer";
				CODE_SIGN_STYLE = Manual;
				COMBINE_HIDPI_IMAGES = YES;
				DEVELOPMENT_ASSET_PATHS = "\"Akane_macOS/Preview Content\"";
				DEVELOPMENT_TEAM = YK6G2Z3K97;
				ENABLE_HARDENED_RUNTIME = YES;
				ENABLE_PREVIEWS = YES;
				INFOPLIST_FILE = Akane_macOS/Info.plist;
				LD_RUNPATH_SEARCH_PATHS = (
					"$(inherited)",
					"@executable_path/../Frameworks",
				);
				MACOSX_DEPLOYMENT_TARGET = 11.3;
				PRODUCT_BUNDLE_IDENTIFIER = "cn.com.grass.shizuku.Akane-macOS";
				PRODUCT_NAME = Akane;
				PROVISIONING_PROFILE_SPECIFIER = "Akane macOS Development Profile";
				SDKROOT = macosx;
				SWIFT_ACTIVE_COMPILATION_CONDITIONS = "DEBUG macOS Akane_SwiftUI";
				SWIFT_VERSION = 5.0;
			};
			name = Debug;
		};
		CA320ABB26AA8A9000AB0CB3 /* Release */ = {
			isa = XCBuildConfiguration;
			baseConfigurationReference = 9E92DDCF417280D3C8E36C3C /* Pods-Akane_macOS.release.xcconfig */;
			buildSettings = {
				ASSETCATALOG_COMPILER_APPICON_NAME = AppIcon;
				ASSETCATALOG_COMPILER_GLOBAL_ACCENT_COLOR_NAME = AccentColor;
				CODE_SIGN_ENTITLEMENTS = Akane_macOS/Akane_macOS.entitlements;
				CODE_SIGN_IDENTITY = "Developer ID Application";
				CODE_SIGN_STYLE = Manual;
				COMBINE_HIDPI_IMAGES = YES;
				DEVELOPMENT_ASSET_PATHS = "\"Akane_macOS/Preview Content\"";
				DEVELOPMENT_TEAM = YK6G2Z3K97;
				ENABLE_HARDENED_RUNTIME = YES;
				ENABLE_PREVIEWS = YES;
				INFOPLIST_FILE = Akane_macOS/Info.plist;
				LD_RUNPATH_SEARCH_PATHS = (
					"$(inherited)",
					"@executable_path/../Frameworks",
				);
				MACOSX_DEPLOYMENT_TARGET = 11.3;
				PRODUCT_BUNDLE_IDENTIFIER = "cn.com.grass.shizuku.Akane-macOS";
				PRODUCT_NAME = Akane;
				PROVISIONING_PROFILE_SPECIFIER = "Akane macOS Distribution Profile";
				SDKROOT = macosx;
				SWIFT_ACTIVE_COMPILATION_CONDITIONS = "macOS Akane_SwiftUI";
				SWIFT_VERSION = 5.0;
			};
			name = Release;
		};
		CA7D985F26A1ADAC00343AA6 /* Debug */ = {
			isa = XCBuildConfiguration;
			baseConfigurationReference = 631CF9C857DA8304B05DF3C2 /* Pods-Akane_iPadOS.debug.xcconfig */;
			buildSettings = {
				ASSETCATALOG_COMPILER_APPICON_NAME = AppIcon;
				CODE_SIGN_ENTITLEMENTS = Akane/Akane.entitlements;
				CODE_SIGN_IDENTITY = "Apple Development: Xiaoling Wang (358YVC7LH8)";
				"CODE_SIGN_IDENTITY[sdk=iphoneos*]" = "Apple Development: Xiaoling Wang (358YVC7LH8)";
				CODE_SIGN_STYLE = Manual;
				CURRENT_PROJECT_VERSION = 6;
				DEVELOPMENT_TEAM = YK6G2Z3K97;
				INFOPLIST_FILE = Akane/Info.plist;
				IPHONEOS_DEPLOYMENT_TARGET = 14.5;
				LD_RUNPATH_SEARCH_PATHS = (
					"$(inherited)",
					"@executable_path/Frameworks",
				);
				MARKETING_VERSION = 1.2;
				PRODUCT_BUNDLE_IDENTIFIER = cn.com.grass.shizuku.Akane;
				PRODUCT_NAME = Akane;
				PROVISIONING_PROFILE_SPECIFIER = "Akane iOS Development Profile";
				"PROVISIONING_PROFILE_SPECIFIER[sdk=iphoneos*]" = "Akane iOS Development Profile";
				SUPPORTS_MACCATALYST = NO;
				SWIFT_ACTIVE_COMPILATION_CONDITIONS = "DEBUG Debug iPadOS Akane";
				SWIFT_VERSION = 5.0;
				TARGETED_DEVICE_FAMILY = 2;
			};
			name = Debug;
		};
		CA7D986026A1ADAC00343AA6 /* Release */ = {
			isa = XCBuildConfiguration;
			baseConfigurationReference = D20DAFC429E63B69D8C097C7 /* Pods-Akane_iPadOS.release.xcconfig */;
			buildSettings = {
				ASSETCATALOG_COMPILER_APPICON_NAME = AppIcon;
				CODE_SIGN_ENTITLEMENTS = Akane/Akane.entitlements;
				CODE_SIGN_IDENTITY = "Apple Distribution: Xiaoling Wang (YK6G2Z3K97)";
				"CODE_SIGN_IDENTITY[sdk=iphoneos*]" = "Apple Distribution: Xiaoling Wang (YK6G2Z3K97)";
				CODE_SIGN_STYLE = Manual;
				CURRENT_PROJECT_VERSION = 6;
				DEVELOPMENT_TEAM = YK6G2Z3K97;
				INFOPLIST_FILE = Akane/Info.plist;
				IPHONEOS_DEPLOYMENT_TARGET = 14.5;
				LD_RUNPATH_SEARCH_PATHS = (
					"$(inherited)",
					"@executable_path/Frameworks",
				);
				MARKETING_VERSION = 1.2;
				PRODUCT_BUNDLE_IDENTIFIER = cn.com.grass.shizuku.Akane;
				PRODUCT_NAME = Akane;
				PROVISIONING_PROFILE_SPECIFIER = "Akane iOS Distribution Profile";
				"PROVISIONING_PROFILE_SPECIFIER[sdk=iphoneos*]" = "Akane iOS Distribution Profile";
				SUPPORTS_MACCATALYST = NO;
				SWIFT_ACTIVE_COMPILATION_CONDITIONS = "Release iPadOS Akane";
				SWIFT_VERSION = 5.0;
				TARGETED_DEVICE_FAMILY = 2;
			};
			name = Release;
		};
		CAD7C2A9269D255B00BD2DD0 /* Debug */ = {
			isa = XCBuildConfiguration;
			baseConfigurationReference = 9B02045EC74EF6E503E85996 /* Pods-Akane_SwiftUI.debug.xcconfig */;
			buildSettings = {
				ASSETCATALOG_COMPILER_APPICON_NAME = AppIcon;
				ASSETCATALOG_COMPILER_GLOBAL_ACCENT_COLOR_NAME = AccentColor;
				CODE_SIGN_ENTITLEMENTS = Akane_SwiftUI/Akane_SwiftUI.entitlements;
				CODE_SIGN_IDENTITY = "iPhone Developer";
				CODE_SIGN_STYLE = Manual;
				DEVELOPMENT_ASSET_PATHS = "\"Akane_SwiftUI/Preview Content\"";
				DEVELOPMENT_TEAM = YK6G2Z3K97;
				ENABLE_PREVIEWS = YES;
				INFOPLIST_FILE = "$(SRCROOT)/Akane_SwiftUI/Info.plist";
				IPHONEOS_DEPLOYMENT_TARGET = 14.5;
				LD_RUNPATH_SEARCH_PATHS = (
					"$(inherited)",
					"@executable_path/Frameworks",
				);
				PRODUCT_BUNDLE_IDENTIFIER = cn.com.grass.shizuku.Akane;
				PRODUCT_NAME = Akane;
				PROVISIONING_PROFILE_SPECIFIER = "Akane iOS Development Profile";
				SWIFT_ACTIVE_COMPILATION_CONDITIONS = "DEBUG iPhoneOS iPadOS iOS Akane_SwiftUI";
				SWIFT_VERSION = 5.0;
				TARGETED_DEVICE_FAMILY = "1,2";
			};
			name = Debug;
		};
		CAD7C2AA269D255B00BD2DD0 /* Release */ = {
			isa = XCBuildConfiguration;
			baseConfigurationReference = D261D5A4DAC78ED6817C71EA /* Pods-Akane_SwiftUI.release.xcconfig */;
			buildSettings = {
				ASSETCATALOG_COMPILER_APPICON_NAME = AppIcon;
				ASSETCATALOG_COMPILER_GLOBAL_ACCENT_COLOR_NAME = AccentColor;
				CODE_SIGN_ENTITLEMENTS = Akane_SwiftUI/Akane_SwiftUI.entitlements;
				CODE_SIGN_IDENTITY = "iPhone Developer";
				CODE_SIGN_STYLE = Manual;
				DEVELOPMENT_ASSET_PATHS = "\"Akane_SwiftUI/Preview Content\"";
				DEVELOPMENT_TEAM = YK6G2Z3K97;
				ENABLE_PREVIEWS = YES;
				INFOPLIST_FILE = "$(SRCROOT)/Akane_SwiftUI/Info.plist";
				IPHONEOS_DEPLOYMENT_TARGET = 14.5;
				LD_RUNPATH_SEARCH_PATHS = (
					"$(inherited)",
					"@executable_path/Frameworks",
				);
				PRODUCT_BUNDLE_IDENTIFIER = cn.com.grass.shizuku.Akane;
				PRODUCT_NAME = Akane;
				PROVISIONING_PROFILE_SPECIFIER = "Akane iOS Development Profile";
				SWIFT_ACTIVE_COMPILATION_CONDITIONS = "iPhoneOS iPadOS iOS Akane_SwiftUI";
				SWIFT_VERSION = 5.0;
				TARGETED_DEVICE_FAMILY = "1,2";
			};
			name = Release;
		};
/* End XCBuildConfiguration section */

/* Begin XCConfigurationList section */
		224EC17B2464F7AA002D72B6 /* Build configuration list for PBXProject "Akane" */ = {
			isa = XCConfigurationList;
			buildConfigurations = (
				224EC1AB2464F7D7002D72B6 /* Debug */,
				224EC1AC2464F7D7002D72B6 /* Release */,
			);
			defaultConfigurationIsVisible = 0;
			defaultConfigurationName = Release;
		};
		224EC1AD2464F7D7002D72B6 /* Build configuration list for PBXNativeTarget "Akane" */ = {
			isa = XCConfigurationList;
			buildConfigurations = (
				224EC1AE2464F7D7002D72B6 /* Debug */,
				224EC1AF2464F7D7002D72B6 /* Release */,
			);
			defaultConfigurationIsVisible = 0;
			defaultConfigurationName = Release;
		};
		CA320AB926AA8A9000AB0CB3 /* Build configuration list for PBXNativeTarget "Akane_macOS" */ = {
			isa = XCConfigurationList;
			buildConfigurations = (
				CA320ABA26AA8A9000AB0CB3 /* Debug */,
				CA320ABB26AA8A9000AB0CB3 /* Release */,
			);
			defaultConfigurationIsVisible = 0;
			defaultConfigurationName = Release;
		};
		CA7D985E26A1ADAC00343AA6 /* Build configuration list for PBXNativeTarget "Akane_iPadOS" */ = {
			isa = XCConfigurationList;
			buildConfigurations = (
				CA7D985F26A1ADAC00343AA6 /* Debug */,
				CA7D986026A1ADAC00343AA6 /* Release */,
			);
			defaultConfigurationIsVisible = 0;
			defaultConfigurationName = Release;
		};
		CAD7C2A8269D255B00BD2DD0 /* Build configuration list for PBXNativeTarget "Akane_SwiftUI" */ = {
			isa = XCConfigurationList;
			buildConfigurations = (
				CAD7C2A9269D255B00BD2DD0 /* Debug */,
				CAD7C2AA269D255B00BD2DD0 /* Release */,
			);
			defaultConfigurationIsVisible = 0;
			defaultConfigurationName = Release;
		};
/* End XCConfigurationList section */

/* Begin XCVersionGroup section */
		224EC18C2464F7AB002D72B6 /* Akane.xcdatamodeld */ = {
			isa = XCVersionGroup;
			children = (
				224EC18D2464F7AB002D72B6 /* Akane.xcdatamodel */,
			);
			currentVersion = 224EC18D2464F7AB002D72B6 /* Akane.xcdatamodel */;
			path = Akane.xcdatamodeld;
			sourceTree = "<group>";
			versionGroupType = wrapper.xcdatamodel;
		};
/* End XCVersionGroup section */
	};
	rootObject = 224EC1782464F7AA002D72B6 /* Project object */;
}
