// !$*UTF8*$!
{
	archiveVersion = 1;
	classes = {
	};
	objectVersion = 51;
	objects = {

/* Begin PBXBuildFile section */
		2225510D25E2487000B801E6 /* AppDelegate.swift in Sources */ = {isa = PBXBuildFile; fileRef = 2225510C25E2487000B801E6 /* AppDelegate.swift */; };
		2225510F25E2487000B801E6 /* ViewController.swift in Sources */ = {isa = PBXBuildFile; fileRef = 2225510E25E2487000B801E6 /* ViewController.swift */; };
		2225511125E2488900B801E6 /* Assets.xcassets in Resources */ = {isa = PBXBuildFile; fileRef = 2225511025E2488900B801E6 /* Assets.xcassets */; };
		224EC1842464F7AB002D72B6 /* AppDelegate.swift in Sources */ = {isa = PBXBuildFile; fileRef = 224EC1832464F7AB002D72B6 /* AppDelegate.swift */; };
		224EC1862464F7AB002D72B6 /* SceneDelegate.swift in Sources */ = {isa = PBXBuildFile; fileRef = 224EC1852464F7AB002D72B6 /* SceneDelegate.swift */; };
		224EC18E2464F7AB002D72B6 /* Akane.xcdatamodeld in Sources */ = {isa = PBXBuildFile; fileRef = 224EC18C2464F7AB002D72B6 /* Akane.xcdatamodeld */; };
		224EC1902464F7D7002D72B6 /* Assets.xcassets in Resources */ = {isa = PBXBuildFile; fileRef = 224EC18F2464F7D7002D72B6 /* Assets.xcassets */; };
		224EC1932464F7D7002D72B6 /* LaunchScreen.storyboard in Resources */ = {isa = PBXBuildFile; fileRef = 224EC1912464F7D7002D72B6 /* LaunchScreen.storyboard */; };
		22C3F55A25F09F7C0090A739 /* Main.storyboard in Resources */ = {isa = PBXBuildFile; fileRef = 22C3F55925F09F7B0090A739 /* Main.storyboard */; };
		22C3F56525F0A01A0090A739 /* AKRootViewController.swift in Sources */ = {isa = PBXBuildFile; fileRef = 22C3F56325F0A01A0090A739 /* AKRootViewController.swift */; };
		22C3F56625F0A01A0090A739 /* AKDetailViewController.swift in Sources */ = {isa = PBXBuildFile; fileRef = 22C3F56425F0A01A0090A739 /* AKDetailViewController.swift */; };
		22C3F56D25F0A02B0090A739 /* AKMovieDetailViewController.swift in Sources */ = {isa = PBXBuildFile; fileRef = 22C3F56A25F0A02B0090A739 /* AKMovieDetailViewController.swift */; };
		22C3F56E25F0A02B0090A739 /* AKPlaylistViewController.swift in Sources */ = {isa = PBXBuildFile; fileRef = 22C3F56B25F0A02B0090A739 /* AKPlaylistViewController.swift */; };
		22C3F56F25F0A02B0090A739 /* AKPlayerViewController.swift in Sources */ = {isa = PBXBuildFile; fileRef = 22C3F56C25F0A02B0090A739 /* AKPlayerViewController.swift */; };
		22C3F57925F0A0380090A739 /* AKPlayerView.swift in Sources */ = {isa = PBXBuildFile; fileRef = 22C3F57325F0A0380090A739 /* AKPlayerView.swift */; };
		22C3F57A25F0A0380090A739 /* AKMoviesDisplayView.swift in Sources */ = {isa = PBXBuildFile; fileRef = 22C3F57425F0A0380090A739 /* AKMoviesDisplayView.swift */; };
		22C3F57B25F0A0380090A739 /* AKPlaylistMessageVIew.swift in Sources */ = {isa = PBXBuildFile; fileRef = 22C3F57525F0A0380090A739 /* AKPlaylistMessageVIew.swift */; };
		22C3F57C25F0A0380090A739 /* AKMovieCollectionViewCell.swift in Sources */ = {isa = PBXBuildFile; fileRef = 22C3F57625F0A0380090A739 /* AKMovieCollectionViewCell.swift */; };
		22C3F57D25F0A0380090A739 /* AKWaitingView.swift in Sources */ = {isa = PBXBuildFile; fileRef = 22C3F57725F0A0380090A739 /* AKWaitingView.swift */; };
		22C3F57E25F0A0380090A739 /* AKScanTableViewCell.swift in Sources */ = {isa = PBXBuildFile; fileRef = 22C3F57825F0A0380090A739 /* AKScanTableViewCell.swift */; };
		22C3F58425F0A04B0090A739 /* AKPlaylist.swift in Sources */ = {isa = PBXBuildFile; fileRef = 22C3F58225F0A04B0090A739 /* AKPlaylist.swift */; };
		22C3F58525F0A04B0090A739 /* AKMovie.swift in Sources */ = {isa = PBXBuildFile; fileRef = 22C3F58325F0A04B0090A739 /* AKMovie.swift */; };
		22C3F58F25F0A06D0090A739 /* AKDataBase.swift in Sources */ = {isa = PBXBuildFile; fileRef = 22C3F58925F0A06D0090A739 /* AKDataBase.swift */; };
		22C3F59025F0A06D0090A739 /* AKFunction.swift in Sources */ = {isa = PBXBuildFile; fileRef = 22C3F58A25F0A06D0090A739 /* AKFunction.swift */; };
		22C3F59125F0A06D0090A739 /* AKConstant.swift in Sources */ = {isa = PBXBuildFile; fileRef = 22C3F58B25F0A06D0090A739 /* AKConstant.swift */; };
		22C3F59225F0A06D0090A739 /* AKManager.swift in Sources */ = {isa = PBXBuildFile; fileRef = 22C3F58C25F0A06D0090A739 /* AKManager.swift */; };
		22C3F59325F0A06D0090A739 /* AKFileOperation.swift in Sources */ = {isa = PBXBuildFile; fileRef = 22C3F58D25F0A06D0090A739 /* AKFileOperation.swift */; };
		22C3F59425F0A06D0090A739 /* AKError.swift in Sources */ = {isa = PBXBuildFile; fileRef = 22C3F58E25F0A06D0090A739 /* AKError.swift */; };
		22C3F5A425F0A07B0090A739 /* AKUINavigationController.swift in Sources */ = {isa = PBXBuildFile; fileRef = 22C3F59825F0A07B0090A739 /* AKUINavigationController.swift */; };
		22C3F5A525F0A07B0090A739 /* AKUIButton.swift in Sources */ = {isa = PBXBuildFile; fileRef = 22C3F59925F0A07B0090A739 /* AKUIButton.swift */; };
		22C3F5A625F0A07B0090A739 /* AKUIActivityIndicatorView.swift in Sources */ = {isa = PBXBuildFile; fileRef = 22C3F59A25F0A07B0090A739 /* AKUIActivityIndicatorView.swift */; };
		22C3F5A725F0A07B0090A739 /* AKUIDocument.swift in Sources */ = {isa = PBXBuildFile; fileRef = 22C3F59B25F0A07B0090A739 /* AKUIDocument.swift */; };
		22C3F5A825F0A07B0090A739 /* AKUICollectionView.swift in Sources */ = {isa = PBXBuildFile; fileRef = 22C3F59C25F0A07B0090A739 /* AKUICollectionView.swift */; };
		22C3F5A925F0A07B0090A739 /* AKUILabel.swift in Sources */ = {isa = PBXBuildFile; fileRef = 22C3F59D25F0A07B0090A739 /* AKUILabel.swift */; };
		22C3F5AA25F0A07B0090A739 /* AKUIViewController.swift in Sources */ = {isa = PBXBuildFile; fileRef = 22C3F59E25F0A07B0090A739 /* AKUIViewController.swift */; };
		22C3F5AB25F0A07B0090A739 /* AKUIView.swift in Sources */ = {isa = PBXBuildFile; fileRef = 22C3F59F25F0A07B0090A739 /* AKUIView.swift */; };
		22C3F5AC25F0A07B0090A739 /* AKUITableViewController.swift in Sources */ = {isa = PBXBuildFile; fileRef = 22C3F5A025F0A07B0090A739 /* AKUITableViewController.swift */; };
		22C3F5AD25F0A07B0090A739 /* AKUITableView.swift in Sources */ = {isa = PBXBuildFile; fileRef = 22C3F5A125F0A07B0090A739 /* AKUITableView.swift */; };
		22C3F5AE25F0A07B0090A739 /* AKUIColor.swift in Sources */ = {isa = PBXBuildFile; fileRef = 22C3F5A225F0A07B0090A739 /* AKUIColor.swift */; };
		22C3F5AF25F0A07B0090A739 /* AKUIFont.swift in Sources */ = {isa = PBXBuildFile; fileRef = 22C3F5A325F0A07B0090A739 /* AKUIFont.swift */; };
		22C3F5B525F0A0940090A739 /* AKRootViewController.swift in Sources */ = {isa = PBXBuildFile; fileRef = 22C3F5B325F0A0940090A739 /* AKRootViewController.swift */; };
		22C3F5B625F0A0940090A739 /* AKDetailViewController.swift in Sources */ = {isa = PBXBuildFile; fileRef = 22C3F5B425F0A0940090A739 /* AKDetailViewController.swift */; };
		22C3F5BB25F0A09B0090A739 /* AKScanTableHeaderCell.swift in Sources */ = {isa = PBXBuildFile; fileRef = 22C3F5BA25F0A09B0090A739 /* AKScanTableHeaderCell.swift */; };
		22C3F5C325F0A0A30090A739 /* AKNSViewController.swift in Sources */ = {isa = PBXBuildFile; fileRef = 22C3F5BD25F0A0A30090A739 /* AKNSViewController.swift */; };
		22C3F5C425F0A0A30090A739 /* AKNSTableView.swift in Sources */ = {isa = PBXBuildFile; fileRef = 22C3F5BE25F0A0A30090A739 /* AKNSTableView.swift */; };
		22C3F5C525F0A0A30090A739 /* AKNSTextField.swift in Sources */ = {isa = PBXBuildFile; fileRef = 22C3F5BF25F0A0A30090A739 /* AKNSTextField.swift */; };
		22C3F5C625F0A0A30090A739 /* AKNSOutlineView.swift in Sources */ = {isa = PBXBuildFile; fileRef = 22C3F5C025F0A0A30090A739 /* AKNSOutlineView.swift */; };
		22C3F5C725F0A0A30090A739 /* AKNSView.swift in Sources */ = {isa = PBXBuildFile; fileRef = 22C3F5C125F0A0A30090A739 /* AKNSView.swift */; };
		22C3F5C825F0A0A30090A739 /* AKNSTableHeaderCell.swift in Sources */ = {isa = PBXBuildFile; fileRef = 22C3F5C225F0A0A30090A739 /* AKNSTableHeaderCell.swift */; };
		22C3F5CE25F0A0C50090A739 /* Main.storyboard in Resources */ = {isa = PBXBuildFile; fileRef = 22C3F5CD25F0A0C50090A739 /* Main.storyboard */; };
		22C3F5FE25F0A2190090A739 /* AKMovieCollectionViewCell.swift in Sources */ = {isa = PBXBuildFile; fileRef = 22C3F57625F0A0380090A739 /* AKMovieCollectionViewCell.swift */; };
		22C3F5FF25F0A2190090A739 /* AKDetailViewController.swift in Sources */ = {isa = PBXBuildFile; fileRef = 22C3F56425F0A01A0090A739 /* AKDetailViewController.swift */; };
		22C3F60025F0A2190090A739 /* AKUIColor.swift in Sources */ = {isa = PBXBuildFile; fileRef = 22C3F5A225F0A07B0090A739 /* AKUIColor.swift */; };
		22C3F60125F0A2190090A739 /* AKMovieDetailViewController.swift in Sources */ = {isa = PBXBuildFile; fileRef = 22C3F56A25F0A02B0090A739 /* AKMovieDetailViewController.swift */; };
		22C3F60225F0A2190090A739 /* AKConstant.swift in Sources */ = {isa = PBXBuildFile; fileRef = 22C3F58B25F0A06D0090A739 /* AKConstant.swift */; };
		22C3F60325F0A2190090A739 /* AKUIButton.swift in Sources */ = {isa = PBXBuildFile; fileRef = 22C3F59925F0A07B0090A739 /* AKUIButton.swift */; };
		22C3F60425F0A2190090A739 /* AKFileOperation.swift in Sources */ = {isa = PBXBuildFile; fileRef = 22C3F58D25F0A06D0090A739 /* AKFileOperation.swift */; };
		22C3F60525F0A2190090A739 /* AKManager.swift in Sources */ = {isa = PBXBuildFile; fileRef = 22C3F58C25F0A06D0090A739 /* AKManager.swift */; };
		22C3F60625F0A2190090A739 /* AKUILabel.swift in Sources */ = {isa = PBXBuildFile; fileRef = 22C3F59D25F0A07B0090A739 /* AKUILabel.swift */; };
		22C3F60725F0A2190090A739 /* AKWaitingView.swift in Sources */ = {isa = PBXBuildFile; fileRef = 22C3F57725F0A0380090A739 /* AKWaitingView.swift */; };
		22C3F60825F0A2190090A739 /* AKDataBase.swift in Sources */ = {isa = PBXBuildFile; fileRef = 22C3F58925F0A06D0090A739 /* AKDataBase.swift */; };
		22C3F60925F0A2190090A739 /* AKPlaylist.swift in Sources */ = {isa = PBXBuildFile; fileRef = 22C3F58225F0A04B0090A739 /* AKPlaylist.swift */; };
		22C3F60A25F0A2190090A739 /* AKUIView.swift in Sources */ = {isa = PBXBuildFile; fileRef = 22C3F59F25F0A07B0090A739 /* AKUIView.swift */; };
		22C3F60B25F0A2190090A739 /* AKError.swift in Sources */ = {isa = PBXBuildFile; fileRef = 22C3F58E25F0A06D0090A739 /* AKError.swift */; };
		22C3F60C25F0A2190090A739 /* AKUIDocument.swift in Sources */ = {isa = PBXBuildFile; fileRef = 22C3F59B25F0A07B0090A739 /* AKUIDocument.swift */; };
		22C3F60D25F0A2190090A739 /* AKUITableView.swift in Sources */ = {isa = PBXBuildFile; fileRef = 22C3F5A125F0A07B0090A739 /* AKUITableView.swift */; };
		22C3F60E25F0A2190090A739 /* AKPlayerView.swift in Sources */ = {isa = PBXBuildFile; fileRef = 22C3F57325F0A0380090A739 /* AKPlayerView.swift */; };
		22C3F60F25F0A2190090A739 /* AKScanTableViewCell.swift in Sources */ = {isa = PBXBuildFile; fileRef = 22C3F57825F0A0380090A739 /* AKScanTableViewCell.swift */; };
		22C3F61025F0A2190090A739 /* AKMovie.swift in Sources */ = {isa = PBXBuildFile; fileRef = 22C3F58325F0A04B0090A739 /* AKMovie.swift */; };
		22C3F61125F0A2190090A739 /* AKPlayerViewController.swift in Sources */ = {isa = PBXBuildFile; fileRef = 22C3F56C25F0A02B0090A739 /* AKPlayerViewController.swift */; };
		22C3F61225F0A2190090A739 /* AKUINavigationController.swift in Sources */ = {isa = PBXBuildFile; fileRef = 22C3F59825F0A07B0090A739 /* AKUINavigationController.swift */; };
		22C3F61325F0A2190090A739 /* AKFunction.swift in Sources */ = {isa = PBXBuildFile; fileRef = 22C3F58A25F0A06D0090A739 /* AKFunction.swift */; };
		22C3F61425F0A2190090A739 /* AppDelegate.swift in Sources */ = {isa = PBXBuildFile; fileRef = 224EC1832464F7AB002D72B6 /* AppDelegate.swift */; };
		22C3F61525F0A2190090A739 /* AKUIFont.swift in Sources */ = {isa = PBXBuildFile; fileRef = 22C3F5A325F0A07B0090A739 /* AKUIFont.swift */; };
		22C3F61625F0A2190090A739 /* AKUICollectionView.swift in Sources */ = {isa = PBXBuildFile; fileRef = 22C3F59C25F0A07B0090A739 /* AKUICollectionView.swift */; };
		22C3F61725F0A2190090A739 /* AKMoviesDisplayView.swift in Sources */ = {isa = PBXBuildFile; fileRef = 22C3F57425F0A0380090A739 /* AKMoviesDisplayView.swift */; };
		22C3F61825F0A2190090A739 /* Akane.xcdatamodeld in Sources */ = {isa = PBXBuildFile; fileRef = 224EC18C2464F7AB002D72B6 /* Akane.xcdatamodeld */; };
		22C3F61925F0A2190090A739 /* SceneDelegate.swift in Sources */ = {isa = PBXBuildFile; fileRef = 224EC1852464F7AB002D72B6 /* SceneDelegate.swift */; };
		22C3F61A25F0A2190090A739 /* AKUIViewController.swift in Sources */ = {isa = PBXBuildFile; fileRef = 22C3F59E25F0A07B0090A739 /* AKUIViewController.swift */; };
		22C3F61B25F0A2190090A739 /* AKUITableViewController.swift in Sources */ = {isa = PBXBuildFile; fileRef = 22C3F5A025F0A07B0090A739 /* AKUITableViewController.swift */; };
		22C3F61C25F0A2190090A739 /* AKUIActivityIndicatorView.swift in Sources */ = {isa = PBXBuildFile; fileRef = 22C3F59A25F0A07B0090A739 /* AKUIActivityIndicatorView.swift */; };
		22C3F61D25F0A2190090A739 /* AKPlaylistMessageVIew.swift in Sources */ = {isa = PBXBuildFile; fileRef = 22C3F57525F0A0380090A739 /* AKPlaylistMessageVIew.swift */; };
		22C3F61E25F0A2190090A739 /* AKPlaylistViewController.swift in Sources */ = {isa = PBXBuildFile; fileRef = 22C3F56B25F0A02B0090A739 /* AKPlaylistViewController.swift */; };
		22C3F61F25F0A2190090A739 /* AKRootViewController.swift in Sources */ = {isa = PBXBuildFile; fileRef = 22C3F56325F0A01A0090A739 /* AKRootViewController.swift */; };
		22C3F62325F0A2190090A739 /* LaunchScreen.storyboard in Resources */ = {isa = PBXBuildFile; fileRef = 224EC1912464F7D7002D72B6 /* LaunchScreen.storyboard */; };
		22C3F62425F0A2190090A739 /* Assets.xcassets in Resources */ = {isa = PBXBuildFile; fileRef = 224EC18F2464F7D7002D72B6 /* Assets.xcassets */; };
		22C3F62525F0A2190090A739 /* Main.storyboard in Resources */ = {isa = PBXBuildFile; fileRef = 22C3F55925F09F7B0090A739 /* Main.storyboard */; };
		22C3F63B25F0A24B0090A739 /* Main_iPadOS.storyboard in Resources */ = {isa = PBXBuildFile; fileRef = 22C3F63A25F0A24B0090A739 /* Main_iPadOS.storyboard */; };
		6EA034B838F7EFA230A65702 /* Pods_Akane_iPadOS.framework in Frameworks */ = {isa = PBXBuildFile; fileRef = 20BE363FB3E4E6A6ED674E5E /* Pods_Akane_iPadOS.framework */; };
		80682DAB3531687944B5D380 /* BuildFile in Frameworks */ = {isa = PBXBuildFile; };
		8FDBE78DCD74C97B533E9C9C /* Pods_Akane_macOS.framework in Frameworks */ = {isa = PBXBuildFile; fileRef = B2730C28D933F2293011DC0D /* Pods_Akane_macOS.framework */; };
		AD2F638CE99AEAA529E6357E /* Pods_Akane.framework in Frameworks */ = {isa = PBXBuildFile; fileRef = 1F233401BC4E131BF7E675FC /* Pods_Akane.framework */; };
/* End PBXBuildFile section */

/* Begin PBXFileReference section */
		0FDFC5D0B2B2736232DA8BCC /* Pods-Akane_iPadOS.release.xcconfig */ = {isa = PBXFileReference; includeInIndex = 1; lastKnownFileType = text.xcconfig; name = "Pods-Akane_iPadOS.release.xcconfig"; path = "Target Support Files/Pods-Akane_iPadOS/Pods-Akane_iPadOS.release.xcconfig"; sourceTree = "<group>"; };
		1F233401BC4E131BF7E675FC /* Pods_Akane.framework */ = {isa = PBXFileReference; explicitFileType = wrapper.framework; includeInIndex = 0; path = Pods_Akane.framework; sourceTree = BUILT_PRODUCTS_DIR; };
		20BE363FB3E4E6A6ED674E5E /* Pods_Akane_iPadOS.framework */ = {isa = PBXFileReference; explicitFileType = wrapper.framework; includeInIndex = 0; path = Pods_Akane_iPadOS.framework; sourceTree = BUILT_PRODUCTS_DIR; };
		2225510A25E2487000B801E6 /* Akane.app */ = {isa = PBXFileReference; explicitFileType = wrapper.application; includeInIndex = 0; path = Akane.app; sourceTree = BUILT_PRODUCTS_DIR; };
		2225510C25E2487000B801E6 /* AppDelegate.swift */ = {isa = PBXFileReference; lastKnownFileType = sourcecode.swift; path = AppDelegate.swift; sourceTree = "<group>"; };
		2225510E25E2487000B801E6 /* ViewController.swift */ = {isa = PBXFileReference; lastKnownFileType = sourcecode.swift; path = ViewController.swift; sourceTree = "<group>"; };
		2225511025E2488900B801E6 /* Assets.xcassets */ = {isa = PBXFileReference; lastKnownFileType = folder.assetcatalog; path = Assets.xcassets; sourceTree = "<group>"; };
		2225511525E2488900B801E6 /* Info.plist */ = {isa = PBXFileReference; lastKnownFileType = text.plist.xml; path = Info.plist; sourceTree = "<group>"; };
		2225511625E2488900B801E6 /* Akane_macOS.entitlements */ = {isa = PBXFileReference; lastKnownFileType = text.plist.entitlements; path = Akane_macOS.entitlements; sourceTree = "<group>"; };
		224EC1802464F7AB002D72B6 /* Akane.app */ = {isa = PBXFileReference; explicitFileType = wrapper.application; includeInIndex = 0; path = Akane.app; sourceTree = BUILT_PRODUCTS_DIR; };
		224EC1832464F7AB002D72B6 /* AppDelegate.swift */ = {isa = PBXFileReference; lastKnownFileType = sourcecode.swift; path = AppDelegate.swift; sourceTree = "<group>"; };
		224EC1852464F7AB002D72B6 /* SceneDelegate.swift */ = {isa = PBXFileReference; lastKnownFileType = sourcecode.swift; path = SceneDelegate.swift; sourceTree = "<group>"; };
		224EC18D2464F7AB002D72B6 /* Akane.xcdatamodel */ = {isa = PBXFileReference; lastKnownFileType = wrapper.xcdatamodel; path = Akane.xcdatamodel; sourceTree = "<group>"; };
		224EC18F2464F7D7002D72B6 /* Assets.xcassets */ = {isa = PBXFileReference; lastKnownFileType = folder.assetcatalog; path = Assets.xcassets; sourceTree = "<group>"; };
		224EC1922464F7D7002D72B6 /* Base */ = {isa = PBXFileReference; lastKnownFileType = file.storyboard; name = Base; path = Base.lproj/LaunchScreen.storyboard; sourceTree = "<group>"; };
		224EC1942464F7D7002D72B6 /* Info.plist */ = {isa = PBXFileReference; lastKnownFileType = text.plist.xml; path = Info.plist; sourceTree = "<group>"; };
		224EC1B62464FAF1002D72B6 /* Akane.entitlements */ = {isa = PBXFileReference; lastKnownFileType = text.plist.entitlements; path = Akane.entitlements; sourceTree = "<group>"; };
		22C3F55925F09F7B0090A739 /* Main.storyboard */ = {isa = PBXFileReference; fileEncoding = 4; lastKnownFileType = file.storyboard; path = Main.storyboard; sourceTree = "<group>"; };
		22C3F56325F0A01A0090A739 /* AKRootViewController.swift */ = {isa = PBXFileReference; fileEncoding = 4; lastKnownFileType = sourcecode.swift; path = AKRootViewController.swift; sourceTree = "<group>"; };
		22C3F56425F0A01A0090A739 /* AKDetailViewController.swift */ = {isa = PBXFileReference; fileEncoding = 4; lastKnownFileType = sourcecode.swift; path = AKDetailViewController.swift; sourceTree = "<group>"; };
		22C3F56A25F0A02B0090A739 /* AKMovieDetailViewController.swift */ = {isa = PBXFileReference; fileEncoding = 4; lastKnownFileType = sourcecode.swift; path = AKMovieDetailViewController.swift; sourceTree = "<group>"; };
		22C3F56B25F0A02B0090A739 /* AKPlaylistViewController.swift */ = {isa = PBXFileReference; fileEncoding = 4; lastKnownFileType = sourcecode.swift; path = AKPlaylistViewController.swift; sourceTree = "<group>"; };
		22C3F56C25F0A02B0090A739 /* AKPlayerViewController.swift */ = {isa = PBXFileReference; fileEncoding = 4; lastKnownFileType = sourcecode.swift; path = AKPlayerViewController.swift; sourceTree = "<group>"; };
		22C3F57325F0A0380090A739 /* AKPlayerView.swift */ = {isa = PBXFileReference; fileEncoding = 4; lastKnownFileType = sourcecode.swift; path = AKPlayerView.swift; sourceTree = "<group>"; };
		22C3F57425F0A0380090A739 /* AKMoviesDisplayView.swift */ = {isa = PBXFileReference; fileEncoding = 4; lastKnownFileType = sourcecode.swift; path = AKMoviesDisplayView.swift; sourceTree = "<group>"; };
		22C3F57525F0A0380090A739 /* AKPlaylistMessageVIew.swift */ = {isa = PBXFileReference; fileEncoding = 4; lastKnownFileType = sourcecode.swift; path = AKPlaylistMessageVIew.swift; sourceTree = "<group>"; };
		22C3F57625F0A0380090A739 /* AKMovieCollectionViewCell.swift */ = {isa = PBXFileReference; fileEncoding = 4; lastKnownFileType = sourcecode.swift; path = AKMovieCollectionViewCell.swift; sourceTree = "<group>"; };
		22C3F57725F0A0380090A739 /* AKWaitingView.swift */ = {isa = PBXFileReference; fileEncoding = 4; lastKnownFileType = sourcecode.swift; path = AKWaitingView.swift; sourceTree = "<group>"; };
		22C3F57825F0A0380090A739 /* AKScanTableViewCell.swift */ = {isa = PBXFileReference; fileEncoding = 4; lastKnownFileType = sourcecode.swift; path = AKScanTableViewCell.swift; sourceTree = "<group>"; };
		22C3F58225F0A04B0090A739 /* AKPlaylist.swift */ = {isa = PBXFileReference; fileEncoding = 4; lastKnownFileType = sourcecode.swift; path = AKPlaylist.swift; sourceTree = "<group>"; };
		22C3F58325F0A04B0090A739 /* AKMovie.swift */ = {isa = PBXFileReference; fileEncoding = 4; lastKnownFileType = sourcecode.swift; path = AKMovie.swift; sourceTree = "<group>"; };
		22C3F58925F0A06D0090A739 /* AKDataBase.swift */ = {isa = PBXFileReference; fileEncoding = 4; lastKnownFileType = sourcecode.swift; path = AKDataBase.swift; sourceTree = "<group>"; };
		22C3F58A25F0A06D0090A739 /* AKFunction.swift */ = {isa = PBXFileReference; fileEncoding = 4; lastKnownFileType = sourcecode.swift; path = AKFunction.swift; sourceTree = "<group>"; };
		22C3F58B25F0A06D0090A739 /* AKConstant.swift */ = {isa = PBXFileReference; fileEncoding = 4; lastKnownFileType = sourcecode.swift; path = AKConstant.swift; sourceTree = "<group>"; };
		22C3F58C25F0A06D0090A739 /* AKManager.swift */ = {isa = PBXFileReference; fileEncoding = 4; lastKnownFileType = sourcecode.swift; path = AKManager.swift; sourceTree = "<group>"; };
		22C3F58D25F0A06D0090A739 /* AKFileOperation.swift */ = {isa = PBXFileReference; fileEncoding = 4; lastKnownFileType = sourcecode.swift; path = AKFileOperation.swift; sourceTree = "<group>"; };
		22C3F58E25F0A06D0090A739 /* AKError.swift */ = {isa = PBXFileReference; fileEncoding = 4; lastKnownFileType = sourcecode.swift; path = AKError.swift; sourceTree = "<group>"; };
		22C3F59825F0A07B0090A739 /* AKUINavigationController.swift */ = {isa = PBXFileReference; fileEncoding = 4; lastKnownFileType = sourcecode.swift; path = AKUINavigationController.swift; sourceTree = "<group>"; };
		22C3F59925F0A07B0090A739 /* AKUIButton.swift */ = {isa = PBXFileReference; fileEncoding = 4; lastKnownFileType = sourcecode.swift; path = AKUIButton.swift; sourceTree = "<group>"; };
		22C3F59A25F0A07B0090A739 /* AKUIActivityIndicatorView.swift */ = {isa = PBXFileReference; fileEncoding = 4; lastKnownFileType = sourcecode.swift; path = AKUIActivityIndicatorView.swift; sourceTree = "<group>"; };
		22C3F59B25F0A07B0090A739 /* AKUIDocument.swift */ = {isa = PBXFileReference; fileEncoding = 4; lastKnownFileType = sourcecode.swift; path = AKUIDocument.swift; sourceTree = "<group>"; };
		22C3F59C25F0A07B0090A739 /* AKUICollectionView.swift */ = {isa = PBXFileReference; fileEncoding = 4; lastKnownFileType = sourcecode.swift; path = AKUICollectionView.swift; sourceTree = "<group>"; };
		22C3F59D25F0A07B0090A739 /* AKUILabel.swift */ = {isa = PBXFileReference; fileEncoding = 4; lastKnownFileType = sourcecode.swift; path = AKUILabel.swift; sourceTree = "<group>"; };
		22C3F59E25F0A07B0090A739 /* AKUIViewController.swift */ = {isa = PBXFileReference; fileEncoding = 4; lastKnownFileType = sourcecode.swift; path = AKUIViewController.swift; sourceTree = "<group>"; };
		22C3F59F25F0A07B0090A739 /* AKUIView.swift */ = {isa = PBXFileReference; fileEncoding = 4; lastKnownFileType = sourcecode.swift; path = AKUIView.swift; sourceTree = "<group>"; };
		22C3F5A025F0A07B0090A739 /* AKUITableViewController.swift */ = {isa = PBXFileReference; fileEncoding = 4; lastKnownFileType = sourcecode.swift; path = AKUITableViewController.swift; sourceTree = "<group>"; };
		22C3F5A125F0A07B0090A739 /* AKUITableView.swift */ = {isa = PBXFileReference; fileEncoding = 4; lastKnownFileType = sourcecode.swift; path = AKUITableView.swift; sourceTree = "<group>"; };
		22C3F5A225F0A07B0090A739 /* AKUIColor.swift */ = {isa = PBXFileReference; fileEncoding = 4; lastKnownFileType = sourcecode.swift; path = AKUIColor.swift; sourceTree = "<group>"; };
		22C3F5A325F0A07B0090A739 /* AKUIFont.swift */ = {isa = PBXFileReference; fileEncoding = 4; lastKnownFileType = sourcecode.swift; path = AKUIFont.swift; sourceTree = "<group>"; };
		22C3F5B325F0A0940090A739 /* AKRootViewController.swift */ = {isa = PBXFileReference; fileEncoding = 4; lastKnownFileType = sourcecode.swift; path = AKRootViewController.swift; sourceTree = "<group>"; };
		22C3F5B425F0A0940090A739 /* AKDetailViewController.swift */ = {isa = PBXFileReference; fileEncoding = 4; lastKnownFileType = sourcecode.swift; path = AKDetailViewController.swift; sourceTree = "<group>"; };
		22C3F5BA25F0A09B0090A739 /* AKScanTableHeaderCell.swift */ = {isa = PBXFileReference; fileEncoding = 4; lastKnownFileType = sourcecode.swift; path = AKScanTableHeaderCell.swift; sourceTree = "<group>"; };
		22C3F5BD25F0A0A30090A739 /* AKNSViewController.swift */ = {isa = PBXFileReference; fileEncoding = 4; lastKnownFileType = sourcecode.swift; path = AKNSViewController.swift; sourceTree = "<group>"; };
		22C3F5BE25F0A0A30090A739 /* AKNSTableView.swift */ = {isa = PBXFileReference; fileEncoding = 4; lastKnownFileType = sourcecode.swift; path = AKNSTableView.swift; sourceTree = "<group>"; };
		22C3F5BF25F0A0A30090A739 /* AKNSTextField.swift */ = {isa = PBXFileReference; fileEncoding = 4; lastKnownFileType = sourcecode.swift; path = AKNSTextField.swift; sourceTree = "<group>"; };
		22C3F5C025F0A0A30090A739 /* AKNSOutlineView.swift */ = {isa = PBXFileReference; fileEncoding = 4; lastKnownFileType = sourcecode.swift; path = AKNSOutlineView.swift; sourceTree = "<group>"; };
		22C3F5C125F0A0A30090A739 /* AKNSView.swift */ = {isa = PBXFileReference; fileEncoding = 4; lastKnownFileType = sourcecode.swift; path = AKNSView.swift; sourceTree = "<group>"; };
		22C3F5C225F0A0A30090A739 /* AKNSTableHeaderCell.swift */ = {isa = PBXFileReference; fileEncoding = 4; lastKnownFileType = sourcecode.swift; path = AKNSTableHeaderCell.swift; sourceTree = "<group>"; };
		22C3F5CD25F0A0C50090A739 /* Main.storyboard */ = {isa = PBXFileReference; fileEncoding = 4; lastKnownFileType = file.storyboard; path = Main.storyboard; sourceTree = "<group>"; };
		22C3F62A25F0A2190090A739 /* Akane.app */ = {isa = PBXFileReference; explicitFileType = wrapper.application; includeInIndex = 0; path = Akane.app; sourceTree = BUILT_PRODUCTS_DIR; };
		22C3F63525F0A23D0090A739 /* Info_iPadOS.plist */ = {isa = PBXFileReference; fileEncoding = 4; lastKnownFileType = text.plist.xml; path = Info_iPadOS.plist; sourceTree = "<group>"; };
		22C3F63A25F0A24B0090A739 /* Main_iPadOS.storyboard */ = {isa = PBXFileReference; fileEncoding = 4; lastKnownFileType = file.storyboard; path = Main_iPadOS.storyboard; sourceTree = "<group>"; };
		2390911308C112DBC967B86C /* Pods-Akane_module.debug.xcconfig */ = {isa = PBXFileReference; includeInIndex = 1; lastKnownFileType = text.xcconfig; name = "Pods-Akane_module.debug.xcconfig"; path = "Target Support Files/Pods-Akane_module/Pods-Akane_module.debug.xcconfig"; sourceTree = "<group>"; };
		57C814E3DB2EC64FFDDE9DDE /* Pods_Akane_module.framework */ = {isa = PBXFileReference; explicitFileType = wrapper.framework; includeInIndex = 0; path = Pods_Akane_module.framework; sourceTree = BUILT_PRODUCTS_DIR; };
		5FBC0D467DB58E284BA3EDE3 /* Pods-Akane.debug.xcconfig */ = {isa = PBXFileReference; includeInIndex = 1; lastKnownFileType = text.xcconfig; name = "Pods-Akane.debug.xcconfig"; path = "Target Support Files/Pods-Akane/Pods-Akane.debug.xcconfig"; sourceTree = "<group>"; };
		8DEFAC896C2CFB5290E263F9 /* Pods-Akane.release.xcconfig */ = {isa = PBXFileReference; includeInIndex = 1; lastKnownFileType = text.xcconfig; name = "Pods-Akane.release.xcconfig"; path = "Target Support Files/Pods-Akane/Pods-Akane.release.xcconfig"; sourceTree = "<group>"; };
		92F39DE16DBB900560BA4E2F /* Pods-Akane_iPadOS.debug.xcconfig */ = {isa = PBXFileReference; includeInIndex = 1; lastKnownFileType = text.xcconfig; name = "Pods-Akane_iPadOS.debug.xcconfig"; path = "Target Support Files/Pods-Akane_iPadOS/Pods-Akane_iPadOS.debug.xcconfig"; sourceTree = "<group>"; };
		B2730C28D933F2293011DC0D /* Pods_Akane_macOS.framework */ = {isa = PBXFileReference; explicitFileType = wrapper.framework; includeInIndex = 0; path = Pods_Akane_macOS.framework; sourceTree = BUILT_PRODUCTS_DIR; };
		D2DDB58F390A46955C1138CF /* Pods-Akane_macOS.debug.xcconfig */ = {isa = PBXFileReference; includeInIndex = 1; lastKnownFileType = text.xcconfig; name = "Pods-Akane_macOS.debug.xcconfig"; path = "Target Support Files/Pods-Akane_macOS/Pods-Akane_macOS.debug.xcconfig"; sourceTree = "<group>"; };
		E5D46C1296A8E50693F4437D /* Pods-Akane_macOS.release.xcconfig */ = {isa = PBXFileReference; includeInIndex = 1; lastKnownFileType = text.xcconfig; name = "Pods-Akane_macOS.release.xcconfig"; path = "Target Support Files/Pods-Akane_macOS/Pods-Akane_macOS.release.xcconfig"; sourceTree = "<group>"; };
		FA367669399E823D380A2034 /* Pods-Akane_module.release.xcconfig */ = {isa = PBXFileReference; includeInIndex = 1; lastKnownFileType = text.xcconfig; name = "Pods-Akane_module.release.xcconfig"; path = "Target Support Files/Pods-Akane_module/Pods-Akane_module.release.xcconfig"; sourceTree = "<group>"; };
/* End PBXFileReference section */

/* Begin PBXFrameworksBuildPhase section */
		2225510725E2487000B801E6 /* Frameworks */ = {
			isa = PBXFrameworksBuildPhase;
			buildActionMask = 2147483647;
			files = (
				8FDBE78DCD74C97B533E9C9C /* Pods_Akane_macOS.framework in Frameworks */,
			);
			runOnlyForDeploymentPostprocessing = 0;
		};
		224EC17D2464F7AB002D72B6 /* Frameworks */ = {
			isa = PBXFrameworksBuildPhase;
			buildActionMask = 2147483647;
			files = (
				80682DAB3531687944B5D380 /* BuildFile in Frameworks */,
				AD2F638CE99AEAA529E6357E /* Pods_Akane.framework in Frameworks */,
			);
			runOnlyForDeploymentPostprocessing = 0;
		};
		22C3F62025F0A2190090A739 /* Frameworks */ = {
			isa = PBXFrameworksBuildPhase;
			buildActionMask = 2147483647;
			files = (
				6EA034B838F7EFA230A65702 /* Pods_Akane_iPadOS.framework in Frameworks */,
			);
			runOnlyForDeploymentPostprocessing = 0;
		};
/* End PBXFrameworksBuildPhase section */

/* Begin PBXGroup section */
		2225510B25E2487000B801E6 /* Akane_macOS */ = {
			isa = PBXGroup;
			children = (
				22C3F5B225F0A0940090A739 /* Main */,
				22C3F5B925F0A09B0090A739 /* AKCustomView */,
				22C3F5BC25F0A0A30090A739 /* AKAppKit */,
				2225510C25E2487000B801E6 /* AppDelegate.swift */,
				2225510E25E2487000B801E6 /* ViewController.swift */,
				2225511025E2488900B801E6 /* Assets.xcassets */,
				22C3F5CD25F0A0C50090A739 /* Main.storyboard */,
				2225511525E2488900B801E6 /* Info.plist */,
				2225511625E2488900B801E6 /* Akane_macOS.entitlements */,
			);
			path = Akane_macOS;
			sourceTree = "<group>";
		};
		224EC1772464F7AA002D72B6 = {
			isa = PBXGroup;
			children = (
				224EC1822464F7AB002D72B6 /* Akane */,
				2225510B25E2487000B801E6 /* Akane_macOS */,
				224EC1812464F7AB002D72B6 /* Products */,
				4061B54523CA5B843CE55838 /* Pods */,
				A9C958CEF0FBCD5608BBFBFA /* Frameworks */,
			);
			sourceTree = "<group>";
		};
		224EC1812464F7AB002D72B6 /* Products */ = {
			isa = PBXGroup;
			children = (
				224EC1802464F7AB002D72B6 /* Akane.app */,
				2225510A25E2487000B801E6 /* Akane.app */,
				22C3F62A25F0A2190090A739 /* Akane.app */,
			);
			name = Products;
			sourceTree = "<group>";
		};
		224EC1822464F7AB002D72B6 /* Akane */ = {
			isa = PBXGroup;
			children = (
				22C3F56225F0A01A0090A739 /* Main */,
				22C3F56925F0A02B0090A739 /* AKController */,
				22C3F57225F0A0380090A739 /* AKCustomView */,
				22C3F58125F0A04B0090A739 /* AKModel */,
				22C3F58825F0A06D0090A739 /* AKManager */,
				22C3F59725F0A07B0090A739 /* AKUIKit */,
				224EC1832464F7AB002D72B6 /* AppDelegate.swift */,
				224EC1852464F7AB002D72B6 /* SceneDelegate.swift */,
				22C3F55925F09F7B0090A739 /* Main.storyboard */,
				22C3F63A25F0A24B0090A739 /* Main_iPadOS.storyboard */,
				224EC18F2464F7D7002D72B6 /* Assets.xcassets */,
				224EC1912464F7D7002D72B6 /* LaunchScreen.storyboard */,
				224EC1942464F7D7002D72B6 /* Info.plist */,
				22C3F63525F0A23D0090A739 /* Info_iPadOS.plist */,
				224EC18C2464F7AB002D72B6 /* Akane.xcdatamodeld */,
				224EC1B62464FAF1002D72B6 /* Akane.entitlements */,
			);
			path = Akane;
			sourceTree = "<group>";
		};
		22C3F56225F0A01A0090A739 /* Main */ = {
			isa = PBXGroup;
			children = (
				22C3F56325F0A01A0090A739 /* AKRootViewController.swift */,
				22C3F56425F0A01A0090A739 /* AKDetailViewController.swift */,
			);
			path = Main;
			sourceTree = "<group>";
		};
		22C3F56925F0A02B0090A739 /* AKController */ = {
			isa = PBXGroup;
			children = (
				22C3F56A25F0A02B0090A739 /* AKMovieDetailViewController.swift */,
				22C3F56B25F0A02B0090A739 /* AKPlaylistViewController.swift */,
				22C3F56C25F0A02B0090A739 /* AKPlayerViewController.swift */,
			);
			path = AKController;
			sourceTree = "<group>";
		};
		22C3F57225F0A0380090A739 /* AKCustomView */ = {
			isa = PBXGroup;
			children = (
				22C3F57825F0A0380090A739 /* AKScanTableViewCell.swift */,
				22C3F57525F0A0380090A739 /* AKPlaylistMessageVIew.swift */,
				22C3F57425F0A0380090A739 /* AKMoviesDisplayView.swift */,
				22C3F57625F0A0380090A739 /* AKMovieCollectionViewCell.swift */,
				22C3F57325F0A0380090A739 /* AKPlayerView.swift */,
				22C3F57725F0A0380090A739 /* AKWaitingView.swift */,
			);
			path = AKCustomView;
			sourceTree = "<group>";
		};
		22C3F58125F0A04B0090A739 /* AKModel */ = {
			isa = PBXGroup;
			children = (
				22C3F58325F0A04B0090A739 /* AKMovie.swift */,
				22C3F58225F0A04B0090A739 /* AKPlaylist.swift */,
			);
			path = AKModel;
			sourceTree = "<group>";
		};
		22C3F58825F0A06D0090A739 /* AKManager */ = {
			isa = PBXGroup;
			children = (
				22C3F58C25F0A06D0090A739 /* AKManager.swift */,
				22C3F58B25F0A06D0090A739 /* AKConstant.swift */,
				22C3F58A25F0A06D0090A739 /* AKFunction.swift */,
				22C3F58D25F0A06D0090A739 /* AKFileOperation.swift */,
				22C3F58925F0A06D0090A739 /* AKDataBase.swift */,
				22C3F58E25F0A06D0090A739 /* AKError.swift */,
			);
			path = AKManager;
			sourceTree = "<group>";
		};
		22C3F59725F0A07B0090A739 /* AKUIKit */ = {
			isa = PBXGroup;
			children = (
				22C3F59E25F0A07B0090A739 /* AKUIViewController.swift */,
				22C3F5A025F0A07B0090A739 /* AKUITableViewController.swift */,
				22C3F5A225F0A07B0090A739 /* AKUIColor.swift */,
				22C3F59F25F0A07B0090A739 /* AKUIView.swift */,
				22C3F5A325F0A07B0090A739 /* AKUIFont.swift */,
				22C3F5A125F0A07B0090A739 /* AKUITableView.swift */,
				22C3F59D25F0A07B0090A739 /* AKUILabel.swift */,
				22C3F59925F0A07B0090A739 /* AKUIButton.swift */,
				22C3F59C25F0A07B0090A739 /* AKUICollectionView.swift */,
				22C3F59B25F0A07B0090A739 /* AKUIDocument.swift */,
				22C3F59A25F0A07B0090A739 /* AKUIActivityIndicatorView.swift */,
				22C3F59825F0A07B0090A739 /* AKUINavigationController.swift */,
			);
			path = AKUIKit;
			sourceTree = "<group>";
		};
		22C3F5B225F0A0940090A739 /* Main */ = {
			isa = PBXGroup;
			children = (
				22C3F5B325F0A0940090A739 /* AKRootViewController.swift */,
				22C3F5B425F0A0940090A739 /* AKDetailViewController.swift */,
			);
			path = Main;
			sourceTree = "<group>";
		};
		22C3F5B925F0A09B0090A739 /* AKCustomView */ = {
			isa = PBXGroup;
			children = (
				22C3F5BA25F0A09B0090A739 /* AKScanTableHeaderCell.swift */,
			);
			path = AKCustomView;
			sourceTree = "<group>";
		};
		22C3F5BC25F0A0A30090A739 /* AKAppKit */ = {
			isa = PBXGroup;
			children = (
				22C3F5BD25F0A0A30090A739 /* AKNSViewController.swift */,
				22C3F5BE25F0A0A30090A739 /* AKNSTableView.swift */,
				22C3F5BF25F0A0A30090A739 /* AKNSTextField.swift */,
				22C3F5C025F0A0A30090A739 /* AKNSOutlineView.swift */,
				22C3F5C125F0A0A30090A739 /* AKNSView.swift */,
				22C3F5C225F0A0A30090A739 /* AKNSTableHeaderCell.swift */,
			);
			path = AKAppKit;
			sourceTree = "<group>";
		};
		4061B54523CA5B843CE55838 /* Pods */ = {
			isa = PBXGroup;
			children = (
				5FBC0D467DB58E284BA3EDE3 /* Pods-Akane.debug.xcconfig */,
				8DEFAC896C2CFB5290E263F9 /* Pods-Akane.release.xcconfig */,
				2390911308C112DBC967B86C /* Pods-Akane_module.debug.xcconfig */,
				FA367669399E823D380A2034 /* Pods-Akane_module.release.xcconfig */,
				92F39DE16DBB900560BA4E2F /* Pods-Akane_iPadOS.debug.xcconfig */,
				0FDFC5D0B2B2736232DA8BCC /* Pods-Akane_iPadOS.release.xcconfig */,
				D2DDB58F390A46955C1138CF /* Pods-Akane_macOS.debug.xcconfig */,
				E5D46C1296A8E50693F4437D /* Pods-Akane_macOS.release.xcconfig */,
			);
			path = Pods;
			sourceTree = "<group>";
		};
		A9C958CEF0FBCD5608BBFBFA /* Frameworks */ = {
			isa = PBXGroup;
			children = (
				57C814E3DB2EC64FFDDE9DDE /* Pods_Akane_module.framework */,
				20BE363FB3E4E6A6ED674E5E /* Pods_Akane_iPadOS.framework */,
				B2730C28D933F2293011DC0D /* Pods_Akane_macOS.framework */,
				1F233401BC4E131BF7E675FC /* Pods_Akane.framework */,
			);
			name = Frameworks;
			sourceTree = "<group>";
		};
/* End PBXGroup section */

/* Begin PBXNativeTarget section */
		2225510925E2487000B801E6 /* Akane_macOS */ = {
			isa = PBXNativeTarget;
			buildConfigurationList = 2225511725E2488A00B801E6 /* Build configuration list for PBXNativeTarget "Akane_macOS" */;
			buildPhases = (
				6F4C5822FF4DB77550147CBB /* [CP] Check Pods Manifest.lock */,
				2225510625E2487000B801E6 /* Sources */,
				2225510725E2487000B801E6 /* Frameworks */,
				2225510825E2487000B801E6 /* Resources */,
				0F8C7E672DD524F92DECEAB8 /* [CP] Embed Pods Frameworks */,
			);
			buildRules = (
			);
			dependencies = (
			);
			name = Akane_macOS;
			productName = Akane_macOS;
			productReference = 2225510A25E2487000B801E6 /* Akane.app */;
			productType = "com.apple.product-type.application";
		};
		224EC17F2464F7AB002D72B6 /* Akane */ = {
			isa = PBXNativeTarget;
			buildConfigurationList = 224EC1AD2464F7D7002D72B6 /* Build configuration list for PBXNativeTarget "Akane" */;
			buildPhases = (
				64ACAC2A9483FEF8B4E720F5 /* [CP] Check Pods Manifest.lock */,
				224EC17C2464F7AB002D72B6 /* Sources */,
				224EC17D2464F7AB002D72B6 /* Frameworks */,
				224EC17E2464F7AB002D72B6 /* Resources */,
				EB64245DEFC02F207F7F9664 /* [CP] Embed Pods Frameworks */,
			);
			buildRules = (
			);
			dependencies = (
			);
			name = Akane;
			productName = Akane;
			productReference = 224EC1802464F7AB002D72B6 /* Akane.app */;
			productType = "com.apple.product-type.application";
		};
		22C3F5FB25F0A2190090A739 /* Akane_iPadOS */ = {
			isa = PBXNativeTarget;
			buildConfigurationList = 22C3F62725F0A2190090A739 /* Build configuration list for PBXNativeTarget "Akane_iPadOS" */;
			buildPhases = (
				22C3F5FC25F0A2190090A739 /* [CP] Check Pods Manifest.lock */,
				22C3F5FD25F0A2190090A739 /* Sources */,
				22C3F62025F0A2190090A739 /* Frameworks */,
				22C3F62225F0A2190090A739 /* Resources */,
				22C3F62625F0A2190090A739 /* [CP] Embed Pods Frameworks */,
			);
			buildRules = (
			);
			dependencies = (
			);
			name = Akane_iPadOS;
			productName = Akane;
			productReference = 22C3F62A25F0A2190090A739 /* Akane.app */;
			productType = "com.apple.product-type.application";
		};
/* End PBXNativeTarget section */

/* Begin PBXProject section */
		224EC1782464F7AA002D72B6 /* Project object */ = {
			isa = PBXProject;
			attributes = {
				LastSwiftUpdateCheck = 1220;
				LastUpgradeCheck = 1250;
				ORGANIZATIONNAME = "Grass Plainson";
				TargetAttributes = {
					2225510925E2487000B801E6 = {
						CreatedOnToolsVersion = 12.2;
					};
					224EC17F2464F7AB002D72B6 = {
						CreatedOnToolsVersion = 11.4.1;
					};
				};
			};
			buildConfigurationList = 224EC17B2464F7AA002D72B6 /* Build configuration list for PBXProject "Akane" */;
			compatibilityVersion = "Xcode 9.3";
			developmentRegion = en;
			hasScannedForEncodings = 0;
			knownRegions = (
				en,
				Base,
			);
			mainGroup = 224EC1772464F7AA002D72B6;
			productRefGroup = 224EC1812464F7AB002D72B6 /* Products */;
			projectDirPath = "";
			projectRoot = "";
			targets = (
				224EC17F2464F7AB002D72B6 /* Akane */,
				22C3F5FB25F0A2190090A739 /* Akane_iPadOS */,
				2225510925E2487000B801E6 /* Akane_macOS */,
			);
		};
/* End PBXProject section */

/* Begin PBXResourcesBuildPhase section */
		2225510825E2487000B801E6 /* Resources */ = {
			isa = PBXResourcesBuildPhase;
			buildActionMask = 2147483647;
			files = (
				2225511125E2488900B801E6 /* Assets.xcassets in Resources */,
				22C3F5CE25F0A0C50090A739 /* Main.storyboard in Resources */,
			);
			runOnlyForDeploymentPostprocessing = 0;
		};
		224EC17E2464F7AB002D72B6 /* Resources */ = {
			isa = PBXResourcesBuildPhase;
			buildActionMask = 2147483647;
			files = (
				224EC1932464F7D7002D72B6 /* LaunchScreen.storyboard in Resources */,
				224EC1902464F7D7002D72B6 /* Assets.xcassets in Resources */,
				22C3F55A25F09F7C0090A739 /* Main.storyboard in Resources */,
			);
			runOnlyForDeploymentPostprocessing = 0;
		};
		22C3F62225F0A2190090A739 /* Resources */ = {
			isa = PBXResourcesBuildPhase;
			buildActionMask = 2147483647;
			files = (
				22C3F63B25F0A24B0090A739 /* Main_iPadOS.storyboard in Resources */,
				22C3F62325F0A2190090A739 /* LaunchScreen.storyboard in Resources */,
				22C3F62425F0A2190090A739 /* Assets.xcassets in Resources */,
				22C3F62525F0A2190090A739 /* Main.storyboard in Resources */,
			);
			runOnlyForDeploymentPostprocessing = 0;
		};
/* End PBXResourcesBuildPhase section */

/* Begin PBXShellScriptBuildPhase section */
		0F8C7E672DD524F92DECEAB8 /* [CP] Embed Pods Frameworks */ = {
			isa = PBXShellScriptBuildPhase;
			buildActionMask = 2147483647;
			files = (
			);
			inputFileListPaths = (
				"${PODS_ROOT}/Target Support Files/Pods-Akane_macOS/Pods-Akane_macOS-frameworks-${CONFIGURATION}-input-files.xcfilelist",
			);
			name = "[CP] Embed Pods Frameworks";
			outputFileListPaths = (
				"${PODS_ROOT}/Target Support Files/Pods-Akane_macOS/Pods-Akane_macOS-frameworks-${CONFIGURATION}-output-files.xcfilelist",
			);
			runOnlyForDeploymentPostprocessing = 0;
			shellPath = /bin/sh;
			shellScript = "\"${PODS_ROOT}/Target Support Files/Pods-Akane_macOS/Pods-Akane_macOS-frameworks.sh\"\n";
			showEnvVarsInLog = 0;
		};
		22C3F5FC25F0A2190090A739 /* [CP] Check Pods Manifest.lock */ = {
			isa = PBXShellScriptBuildPhase;
			buildActionMask = 2147483647;
			files = (
			);
			inputFileListPaths = (
			);
			inputPaths = (
				"${PODS_PODFILE_DIR_PATH}/Podfile.lock",
				"${PODS_ROOT}/Manifest.lock",
			);
			name = "[CP] Check Pods Manifest.lock";
			outputFileListPaths = (
			);
			outputPaths = (
				"$(DERIVED_FILE_DIR)/Pods-Akane_iPadOS-checkManifestLockResult.txt",
			);
			runOnlyForDeploymentPostprocessing = 0;
			shellPath = /bin/sh;
			shellScript = "diff \"${PODS_PODFILE_DIR_PATH}/Podfile.lock\" \"${PODS_ROOT}/Manifest.lock\" > /dev/null\nif [ $? != 0 ] ; then\n    # print error to STDERR\n    echo \"error: The sandbox is not in sync with the Podfile.lock. Run 'pod install' or update your CocoaPods installation.\" >&2\n    exit 1\nfi\n# This output is used by Xcode 'outputs' to avoid re-running this script phase.\necho \"SUCCESS\" > \"${SCRIPT_OUTPUT_FILE_0}\"\n";
			showEnvVarsInLog = 0;
		};
		22C3F62625F0A2190090A739 /* [CP] Embed Pods Frameworks */ = {
			isa = PBXShellScriptBuildPhase;
			buildActionMask = 2147483647;
			files = (
			);
			inputFileListPaths = (
				"${PODS_ROOT}/Target Support Files/Pods-Akane_iPadOS/Pods-Akane_iPadOS-frameworks-${CONFIGURATION}-input-files.xcfilelist",
			);
			name = "[CP] Embed Pods Frameworks";
			outputFileListPaths = (
				"${PODS_ROOT}/Target Support Files/Pods-Akane_iPadOS/Pods-Akane_iPadOS-frameworks-${CONFIGURATION}-output-files.xcfilelist",
			);
			runOnlyForDeploymentPostprocessing = 0;
			shellPath = /bin/sh;
			shellScript = "\"${PODS_ROOT}/Target Support Files/Pods-Akane_iPadOS/Pods-Akane_iPadOS-frameworks.sh\"\n";
			showEnvVarsInLog = 0;
		};
		64ACAC2A9483FEF8B4E720F5 /* [CP] Check Pods Manifest.lock */ = {
			isa = PBXShellScriptBuildPhase;
			buildActionMask = 2147483647;
			files = (
			);
			inputFileListPaths = (
			);
			inputPaths = (
				"${PODS_PODFILE_DIR_PATH}/Podfile.lock",
				"${PODS_ROOT}/Manifest.lock",
			);
			name = "[CP] Check Pods Manifest.lock";
			outputFileListPaths = (
			);
			outputPaths = (
				"$(DERIVED_FILE_DIR)/Pods-Akane-checkManifestLockResult.txt",
			);
			runOnlyForDeploymentPostprocessing = 0;
			shellPath = /bin/sh;
			shellScript = "diff \"${PODS_PODFILE_DIR_PATH}/Podfile.lock\" \"${PODS_ROOT}/Manifest.lock\" > /dev/null\nif [ $? != 0 ] ; then\n    # print error to STDERR\n    echo \"error: The sandbox is not in sync with the Podfile.lock. Run 'pod install' or update your CocoaPods installation.\" >&2\n    exit 1\nfi\n# This output is used by Xcode 'outputs' to avoid re-running this script phase.\necho \"SUCCESS\" > \"${SCRIPT_OUTPUT_FILE_0}\"\n";
			showEnvVarsInLog = 0;
		};
		6F4C5822FF4DB77550147CBB /* [CP] Check Pods Manifest.lock */ = {
			isa = PBXShellScriptBuildPhase;
			buildActionMask = 2147483647;
			files = (
			);
			inputFileListPaths = (
			);
			inputPaths = (
				"${PODS_PODFILE_DIR_PATH}/Podfile.lock",
				"${PODS_ROOT}/Manifest.lock",
			);
			name = "[CP] Check Pods Manifest.lock";
			outputFileListPaths = (
			);
			outputPaths = (
				"$(DERIVED_FILE_DIR)/Pods-Akane_macOS-checkManifestLockResult.txt",
			);
			runOnlyForDeploymentPostprocessing = 0;
			shellPath = /bin/sh;
			shellScript = "diff \"${PODS_PODFILE_DIR_PATH}/Podfile.lock\" \"${PODS_ROOT}/Manifest.lock\" > /dev/null\nif [ $? != 0 ] ; then\n    # print error to STDERR\n    echo \"error: The sandbox is not in sync with the Podfile.lock. Run 'pod install' or update your CocoaPods installation.\" >&2\n    exit 1\nfi\n# This output is used by Xcode 'outputs' to avoid re-running this script phase.\necho \"SUCCESS\" > \"${SCRIPT_OUTPUT_FILE_0}\"\n";
			showEnvVarsInLog = 0;
		};
		EB64245DEFC02F207F7F9664 /* [CP] Embed Pods Frameworks */ = {
			isa = PBXShellScriptBuildPhase;
			buildActionMask = 2147483647;
			files = (
			);
			inputFileListPaths = (
				"${PODS_ROOT}/Target Support Files/Pods-Akane/Pods-Akane-frameworks-${CONFIGURATION}-input-files.xcfilelist",
			);
			name = "[CP] Embed Pods Frameworks";
			outputFileListPaths = (
				"${PODS_ROOT}/Target Support Files/Pods-Akane/Pods-Akane-frameworks-${CONFIGURATION}-output-files.xcfilelist",
			);
			runOnlyForDeploymentPostprocessing = 0;
			shellPath = /bin/sh;
			shellScript = "\"${PODS_ROOT}/Target Support Files/Pods-Akane/Pods-Akane-frameworks.sh\"\n";
			showEnvVarsInLog = 0;
		};
/* End PBXShellScriptBuildPhase section */

/* Begin PBXSourcesBuildPhase section */
		2225510625E2487000B801E6 /* Sources */ = {
			isa = PBXSourcesBuildPhase;
			buildActionMask = 2147483647;
			files = (
				22C3F5B625F0A0940090A739 /* AKDetailViewController.swift in Sources */,
				2225510F25E2487000B801E6 /* ViewController.swift in Sources */,
				22C3F5C725F0A0A30090A739 /* AKNSView.swift in Sources */,
				2225510D25E2487000B801E6 /* AppDelegate.swift in Sources */,
				22C3F5C625F0A0A30090A739 /* AKNSOutlineView.swift in Sources */,
				22C3F5C825F0A0A30090A739 /* AKNSTableHeaderCell.swift in Sources */,
				22C3F5B525F0A0940090A739 /* AKRootViewController.swift in Sources */,
				22C3F5C325F0A0A30090A739 /* AKNSViewController.swift in Sources */,
				22C3F5BB25F0A09B0090A739 /* AKScanTableHeaderCell.swift in Sources */,
				22C3F5C425F0A0A30090A739 /* AKNSTableView.swift in Sources */,
				22C3F5C525F0A0A30090A739 /* AKNSTextField.swift in Sources */,
			);
			runOnlyForDeploymentPostprocessing = 0;
		};
		224EC17C2464F7AB002D72B6 /* Sources */ = {
			isa = PBXSourcesBuildPhase;
			buildActionMask = 2147483647;
			files = (
				22C3F57C25F0A0380090A739 /* AKMovieCollectionViewCell.swift in Sources */,
				22C3F56625F0A01A0090A739 /* AKDetailViewController.swift in Sources */,
				22C3F5AE25F0A07B0090A739 /* AKUIColor.swift in Sources */,
				22C3F56D25F0A02B0090A739 /* AKMovieDetailViewController.swift in Sources */,
				22C3F59125F0A06D0090A739 /* AKConstant.swift in Sources */,
				22C3F5A525F0A07B0090A739 /* AKUIButton.swift in Sources */,
				22C3F59325F0A06D0090A739 /* AKFileOperation.swift in Sources */,
				22C3F59225F0A06D0090A739 /* AKManager.swift in Sources */,
				22C3F5A925F0A07B0090A739 /* AKUILabel.swift in Sources */,
				22C3F57D25F0A0380090A739 /* AKWaitingView.swift in Sources */,
				22C3F58F25F0A06D0090A739 /* AKDataBase.swift in Sources */,
				22C3F58425F0A04B0090A739 /* AKPlaylist.swift in Sources */,
				22C3F5AB25F0A07B0090A739 /* AKUIView.swift in Sources */,
				22C3F59425F0A06D0090A739 /* AKError.swift in Sources */,
				22C3F5A725F0A07B0090A739 /* AKUIDocument.swift in Sources */,
				22C3F5AD25F0A07B0090A739 /* AKUITableView.swift in Sources */,
				22C3F57925F0A0380090A739 /* AKPlayerView.swift in Sources */,
				22C3F57E25F0A0380090A739 /* AKScanTableViewCell.swift in Sources */,
				22C3F58525F0A04B0090A739 /* AKMovie.swift in Sources */,
				22C3F56F25F0A02B0090A739 /* AKPlayerViewController.swift in Sources */,
				22C3F5A425F0A07B0090A739 /* AKUINavigationController.swift in Sources */,
				22C3F59025F0A06D0090A739 /* AKFunction.swift in Sources */,
				224EC1842464F7AB002D72B6 /* AppDelegate.swift in Sources */,
				22C3F5AF25F0A07B0090A739 /* AKUIFont.swift in Sources */,
				22C3F5A825F0A07B0090A739 /* AKUICollectionView.swift in Sources */,
				22C3F57A25F0A0380090A739 /* AKMoviesDisplayView.swift in Sources */,
				224EC18E2464F7AB002D72B6 /* Akane.xcdatamodeld in Sources */,
				224EC1862464F7AB002D72B6 /* SceneDelegate.swift in Sources */,
				22C3F5AA25F0A07B0090A739 /* AKUIViewController.swift in Sources */,
				22C3F5AC25F0A07B0090A739 /* AKUITableViewController.swift in Sources */,
				22C3F5A625F0A07B0090A739 /* AKUIActivityIndicatorView.swift in Sources */,
				22C3F57B25F0A0380090A739 /* AKPlaylistMessageVIew.swift in Sources */,
				22C3F56E25F0A02B0090A739 /* AKPlaylistViewController.swift in Sources */,
				22C3F56525F0A01A0090A739 /* AKRootViewController.swift in Sources */,
			);
			runOnlyForDeploymentPostprocessing = 0;
		};
		22C3F5FD25F0A2190090A739 /* Sources */ = {
			isa = PBXSourcesBuildPhase;
			buildActionMask = 2147483647;
			files = (
				22C3F5FE25F0A2190090A739 /* AKMovieCollectionViewCell.swift in Sources */,
				22C3F5FF25F0A2190090A739 /* AKDetailViewController.swift in Sources */,
				22C3F60025F0A2190090A739 /* AKUIColor.swift in Sources */,
				22C3F60125F0A2190090A739 /* AKMovieDetailViewController.swift in Sources */,
				22C3F60225F0A2190090A739 /* AKConstant.swift in Sources */,
				22C3F60325F0A2190090A739 /* AKUIButton.swift in Sources */,
				22C3F60425F0A2190090A739 /* AKFileOperation.swift in Sources */,
				22C3F60525F0A2190090A739 /* AKManager.swift in Sources */,
				22C3F60625F0A2190090A739 /* AKUILabel.swift in Sources */,
				22C3F60725F0A2190090A739 /* AKWaitingView.swift in Sources */,
				22C3F60825F0A2190090A739 /* AKDataBase.swift in Sources */,
				22C3F60925F0A2190090A739 /* AKPlaylist.swift in Sources */,
				22C3F60A25F0A2190090A739 /* AKUIView.swift in Sources */,
				22C3F60B25F0A2190090A739 /* AKError.swift in Sources */,
				22C3F60C25F0A2190090A739 /* AKUIDocument.swift in Sources */,
				22C3F60D25F0A2190090A739 /* AKUITableView.swift in Sources */,
				22C3F60E25F0A2190090A739 /* AKPlayerView.swift in Sources */,
				22C3F60F25F0A2190090A739 /* AKScanTableViewCell.swift in Sources */,
				22C3F61025F0A2190090A739 /* AKMovie.swift in Sources */,
				22C3F61125F0A2190090A739 /* AKPlayerViewController.swift in Sources */,
				22C3F61225F0A2190090A739 /* AKUINavigationController.swift in Sources */,
				22C3F61325F0A2190090A739 /* AKFunction.swift in Sources */,
				22C3F61425F0A2190090A739 /* AppDelegate.swift in Sources */,
				22C3F61525F0A2190090A739 /* AKUIFont.swift in Sources */,
				22C3F61625F0A2190090A739 /* AKUICollectionView.swift in Sources */,
				22C3F61725F0A2190090A739 /* AKMoviesDisplayView.swift in Sources */,
				22C3F61825F0A2190090A739 /* Akane.xcdatamodeld in Sources */,
				22C3F61925F0A2190090A739 /* SceneDelegate.swift in Sources */,
				22C3F61A25F0A2190090A739 /* AKUIViewController.swift in Sources */,
				22C3F61B25F0A2190090A739 /* AKUITableViewController.swift in Sources */,
				22C3F61C25F0A2190090A739 /* AKUIActivityIndicatorView.swift in Sources */,
				22C3F61D25F0A2190090A739 /* AKPlaylistMessageVIew.swift in Sources */,
				22C3F61E25F0A2190090A739 /* AKPlaylistViewController.swift in Sources */,
				22C3F61F25F0A2190090A739 /* AKRootViewController.swift in Sources */,
			);
			runOnlyForDeploymentPostprocessing = 0;
		};
/* End PBXSourcesBuildPhase section */

/* Begin PBXVariantGroup section */
		224EC1912464F7D7002D72B6 /* LaunchScreen.storyboard */ = {
			isa = PBXVariantGroup;
			children = (
				224EC1922464F7D7002D72B6 /* Base */,
			);
			name = LaunchScreen.storyboard;
			sourceTree = "<group>";
		};
/* End PBXVariantGroup section */

/* Begin XCBuildConfiguration section */
		2225511825E2488A00B801E6 /* Debug */ = {
			isa = XCBuildConfiguration;
			baseConfigurationReference = D2DDB58F390A46955C1138CF /* Pods-Akane_macOS.debug.xcconfig */;
			buildSettings = {
				ASSETCATALOG_COMPILER_APPICON_NAME = AppIcon;
				ASSETCATALOG_COMPILER_GLOBAL_ACCENT_COLOR_NAME = AccentColor;
				CODE_SIGN_ENTITLEMENTS = Akane_macOS/Akane_macOS.entitlements;
				CODE_SIGN_IDENTITY = "Apple Development: Xiaoling Wang (358YVC7LH8)";
				CODE_SIGN_STYLE = Manual;
				COMBINE_HIDPI_IMAGES = YES;
				CURRENT_PROJECT_VERSION = 10;
				DEVELOPMENT_TEAM = YK6G2Z3K97;
				ENABLE_HARDENED_RUNTIME = YES;
				INFOPLIST_FILE = Akane_macOS/Info.plist;
				LD_RUNPATH_SEARCH_PATHS = (
					"$(inherited)",
					"@executable_path/../Frameworks",
				);
				MACOSX_DEPLOYMENT_TARGET = 11.0;
				MARKETING_VERSION = 1.2;
				PRODUCT_BUNDLE_IDENTIFIER = "cn.com.grass.shizuku.Akane-macOS";
				PRODUCT_NAME = Akane;
				PROVISIONING_PROFILE_SPECIFIER = "Akane macOS Development Profile";
				SDKROOT = macosx;
				SWIFT_ACTIVE_COMPILATION_CONDITIONS = "DEBUG macOS Debug";
				SWIFT_VERSION = 5.0;
			};
			name = Debug;
		};
		2225511925E2488A00B801E6 /* Release */ = {
			isa = XCBuildConfiguration;
			baseConfigurationReference = E5D46C1296A8E50693F4437D /* Pods-Akane_macOS.release.xcconfig */;
			buildSettings = {
				ASSETCATALOG_COMPILER_APPICON_NAME = AppIcon;
				ASSETCATALOG_COMPILER_GLOBAL_ACCENT_COLOR_NAME = AccentColor;
				CODE_SIGN_ENTITLEMENTS = Akane_macOS/Akane_macOS.entitlements;
				CODE_SIGN_IDENTITY = "Developer ID Application: Xiaoling Wang (YK6G2Z3K97)";
				CODE_SIGN_STYLE = Manual;
				COMBINE_HIDPI_IMAGES = YES;
				CURRENT_PROJECT_VERSION = 10;
				DEVELOPMENT_TEAM = YK6G2Z3K97;
				ENABLE_HARDENED_RUNTIME = YES;
				INFOPLIST_FILE = Akane_macOS/Info.plist;
				LD_RUNPATH_SEARCH_PATHS = (
					"$(inherited)",
					"@executable_path/../Frameworks",
				);
				MACOSX_DEPLOYMENT_TARGET = 11.0;
				MARKETING_VERSION = 1.2;
				PRODUCT_BUNDLE_IDENTIFIER = "cn.com.grass.shizuku.Akane-macOS";
				PRODUCT_NAME = Akane;
				PROVISIONING_PROFILE_SPECIFIER = "Akane macOS Distribution Profile";
				SDKROOT = macosx;
				SWIFT_ACTIVE_COMPILATION_CONDITIONS = "macOS Release";
				SWIFT_VERSION = 5.0;
			};
			name = Release;
		};
		224EC1AB2464F7D7002D72B6 /* Debug */ = {
			isa = XCBuildConfiguration;
			buildSettings = {
				ALWAYS_SEARCH_USER_PATHS = NO;
				CLANG_ANALYZER_NONNULL = YES;
				CLANG_ANALYZER_NUMBER_OBJECT_CONVERSION = YES_AGGRESSIVE;
				CLANG_CXX_LANGUAGE_STANDARD = "gnu++14";
				CLANG_CXX_LIBRARY = "libc++";
				CLANG_ENABLE_MODULES = YES;
				CLANG_ENABLE_OBJC_ARC = YES;
				CLANG_ENABLE_OBJC_WEAK = YES;
				CLANG_WARN_BLOCK_CAPTURE_AUTORELEASING = YES;
				CLANG_WARN_BOOL_CONVERSION = YES;
				CLANG_WARN_COMMA = YES;
				CLANG_WARN_CONSTANT_CONVERSION = YES;
				CLANG_WARN_DEPRECATED_OBJC_IMPLEMENTATIONS = YES;
				CLANG_WARN_DIRECT_OBJC_ISA_USAGE = YES_ERROR;
				CLANG_WARN_DOCUMENTATION_COMMENTS = YES;
				CLANG_WARN_EMPTY_BODY = YES;
				CLANG_WARN_ENUM_CONVERSION = YES;
				CLANG_WARN_INFINITE_RECURSION = YES;
				CLANG_WARN_INT_CONVERSION = YES;
				CLANG_WARN_NON_LITERAL_NULL_CONVERSION = YES;
				CLANG_WARN_OBJC_IMPLICIT_RETAIN_SELF = YES;
				CLANG_WARN_OBJC_LITERAL_CONVERSION = YES;
				CLANG_WARN_OBJC_ROOT_CLASS = YES_ERROR;
				CLANG_WARN_QUOTED_INCLUDE_IN_FRAMEWORK_HEADER = YES;
				CLANG_WARN_RANGE_LOOP_ANALYSIS = YES;
				CLANG_WARN_STRICT_PROTOTYPES = YES;
				CLANG_WARN_SUSPICIOUS_MOVE = YES;
				CLANG_WARN_UNGUARDED_AVAILABILITY = YES_AGGRESSIVE;
				CLANG_WARN_UNREACHABLE_CODE = YES;
				CLANG_WARN__DUPLICATE_METHOD_MATCH = YES;
				COPY_PHASE_STRIP = NO;
				DEBUG_INFORMATION_FORMAT = dwarf;
				ENABLE_STRICT_OBJC_MSGSEND = YES;
				ENABLE_TESTABILITY = YES;
				GCC_C_LANGUAGE_STANDARD = gnu11;
				GCC_DYNAMIC_NO_PIC = NO;
				GCC_NO_COMMON_BLOCKS = YES;
				GCC_OPTIMIZATION_LEVEL = 0;
				GCC_PREPROCESSOR_DEFINITIONS = (
					"DEBUG=1",
					"$(inherited)",
				);
				GCC_WARN_64_TO_32_BIT_CONVERSION = YES;
				GCC_WARN_ABOUT_RETURN_TYPE = YES_ERROR;
				GCC_WARN_UNDECLARED_SELECTOR = YES;
				GCC_WARN_UNINITIALIZED_AUTOS = YES_AGGRESSIVE;
				GCC_WARN_UNUSED_FUNCTION = YES;
				GCC_WARN_UNUSED_VARIABLE = YES;
				IPHONEOS_DEPLOYMENT_TARGET = 13.4;
				MTL_ENABLE_DEBUG_INFO = INCLUDE_SOURCE;
				MTL_FAST_MATH = YES;
				ONLY_ACTIVE_ARCH = YES;
				SDKROOT = iphoneos;
				SWIFT_ACTIVE_COMPILATION_CONDITIONS = DEBUG;
				SWIFT_OPTIMIZATION_LEVEL = "-Onone";
			};
			name = Debug;
		};
		224EC1AC2464F7D7002D72B6 /* Release */ = {
			isa = XCBuildConfiguration;
			buildSettings = {
				ALWAYS_SEARCH_USER_PATHS = NO;
				CLANG_ANALYZER_NONNULL = YES;
				CLANG_ANALYZER_NUMBER_OBJECT_CONVERSION = YES_AGGRESSIVE;
				CLANG_CXX_LANGUAGE_STANDARD = "gnu++14";
				CLANG_CXX_LIBRARY = "libc++";
				CLANG_ENABLE_MODULES = YES;
				CLANG_ENABLE_OBJC_ARC = YES;
				CLANG_ENABLE_OBJC_WEAK = YES;
				CLANG_WARN_BLOCK_CAPTURE_AUTORELEASING = YES;
				CLANG_WARN_BOOL_CONVERSION = YES;
				CLANG_WARN_COMMA = YES;
				CLANG_WARN_CONSTANT_CONVERSION = YES;
				CLANG_WARN_DEPRECATED_OBJC_IMPLEMENTATIONS = YES;
				CLANG_WARN_DIRECT_OBJC_ISA_USAGE = YES_ERROR;
				CLANG_WARN_DOCUMENTATION_COMMENTS = YES;
				CLANG_WARN_EMPTY_BODY = YES;
				CLANG_WARN_ENUM_CONVERSION = YES;
				CLANG_WARN_INFINITE_RECURSION = YES;
				CLANG_WARN_INT_CONVERSION = YES;
				CLANG_WARN_NON_LITERAL_NULL_CONVERSION = YES;
				CLANG_WARN_OBJC_IMPLICIT_RETAIN_SELF = YES;
				CLANG_WARN_OBJC_LITERAL_CONVERSION = YES;
				CLANG_WARN_OBJC_ROOT_CLASS = YES_ERROR;
				CLANG_WARN_QUOTED_INCLUDE_IN_FRAMEWORK_HEADER = YES;
				CLANG_WARN_RANGE_LOOP_ANALYSIS = YES;
				CLANG_WARN_STRICT_PROTOTYPES = YES;
				CLANG_WARN_SUSPICIOUS_MOVE = YES;
				CLANG_WARN_UNGUARDED_AVAILABILITY = YES_AGGRESSIVE;
				CLANG_WARN_UNREACHABLE_CODE = YES;
				CLANG_WARN__DUPLICATE_METHOD_MATCH = YES;
				COPY_PHASE_STRIP = NO;
				DEBUG_INFORMATION_FORMAT = "dwarf-with-dsym";
				ENABLE_NS_ASSERTIONS = NO;
				ENABLE_STRICT_OBJC_MSGSEND = YES;
				GCC_C_LANGUAGE_STANDARD = gnu11;
				GCC_NO_COMMON_BLOCKS = YES;
				GCC_WARN_64_TO_32_BIT_CONVERSION = YES;
				GCC_WARN_ABOUT_RETURN_TYPE = YES_ERROR;
				GCC_WARN_UNDECLARED_SELECTOR = YES;
				GCC_WARN_UNINITIALIZED_AUTOS = YES_AGGRESSIVE;
				GCC_WARN_UNUSED_FUNCTION = YES;
				GCC_WARN_UNUSED_VARIABLE = YES;
				IPHONEOS_DEPLOYMENT_TARGET = 13.4;
				MTL_ENABLE_DEBUG_INFO = NO;
				MTL_FAST_MATH = YES;
				SDKROOT = iphoneos;
				SWIFT_COMPILATION_MODE = wholemodule;
				SWIFT_OPTIMIZATION_LEVEL = "-O";
				VALIDATE_PRODUCT = YES;
			};
			name = Release;
		};
		224EC1AE2464F7D7002D72B6 /* Debug */ = {
			isa = XCBuildConfiguration;
			baseConfigurationReference = 5FBC0D467DB58E284BA3EDE3 /* Pods-Akane.debug.xcconfig */;
			buildSettings = {
				ASSETCATALOG_COMPILER_APPICON_NAME = AppIcon;
				CODE_SIGN_ENTITLEMENTS = Akane/Akane.entitlements;
				CODE_SIGN_IDENTITY = "Apple Development: Xiaoling Wang (358YVC7LH8)";
				"CODE_SIGN_IDENTITY[sdk=iphoneos*]" = "Apple Development: Xiaoling Wang (358YVC7LH8)";
				CODE_SIGN_STYLE = Manual;
				CURRENT_PROJECT_VERSION = 6;
				DEVELOPMENT_TEAM = YK6G2Z3K97;
				INFOPLIST_FILE = Akane/Info.plist;
				IPHONEOS_DEPLOYMENT_TARGET = 13.0;
				LD_RUNPATH_SEARCH_PATHS = (
					"$(inherited)",
					"@executable_path/Frameworks",
				);
				MARKETING_VERSION = 1.2;
				PRODUCT_BUNDLE_IDENTIFIER = cn.com.grass.shizuku.Akane;
				PRODUCT_NAME = "$(TARGET_NAME)";
				PROVISIONING_PROFILE_SPECIFIER = "Akane iOS Development Profile";
				"PROVISIONING_PROFILE_SPECIFIER[sdk=iphoneos*]" = "Akane iOS Development Profile";
				SUPPORTS_MACCATALYST = NO;
				SWIFT_ACTIVE_COMPILATION_CONDITIONS = "DEBUG Debug iOS";
				SWIFT_VERSION = 5.0;
				TARGETED_DEVICE_FAMILY = 1;
			};
			name = Debug;
		};
		224EC1AF2464F7D7002D72B6 /* Release */ = {
			isa = XCBuildConfiguration;
			baseConfigurationReference = 8DEFAC896C2CFB5290E263F9 /* Pods-Akane.release.xcconfig */;
			buildSettings = {
				ASSETCATALOG_COMPILER_APPICON_NAME = AppIcon;
				CODE_SIGN_ENTITLEMENTS = Akane/Akane.entitlements;
				CODE_SIGN_IDENTITY = "Apple Distribution: Xiaoling Wang (YK6G2Z3K97)";
				"CODE_SIGN_IDENTITY[sdk=iphoneos*]" = "Apple Distribution: Xiaoling Wang (YK6G2Z3K97)";
				CODE_SIGN_STYLE = Manual;
				CURRENT_PROJECT_VERSION = 6;
				DEVELOPMENT_TEAM = YK6G2Z3K97;
				INFOPLIST_FILE = Akane/Info.plist;
				IPHONEOS_DEPLOYMENT_TARGET = 13.0;
				LD_RUNPATH_SEARCH_PATHS = (
					"$(inherited)",
					"@executable_path/Frameworks",
				);
				MARKETING_VERSION = 1.2;
				PRODUCT_BUNDLE_IDENTIFIER = cn.com.grass.shizuku.Akane;
				PRODUCT_NAME = "$(TARGET_NAME)";
				PROVISIONING_PROFILE_SPECIFIER = "Akane iOS Distribution Profile";
				"PROVISIONING_PROFILE_SPECIFIER[sdk=iphoneos*]" = "Akane iOS Distribution Profile";
				SUPPORTS_MACCATALYST = NO;
				SWIFT_ACTIVE_COMPILATION_CONDITIONS = "Release iOS";
				SWIFT_VERSION = 5.0;
				TARGETED_DEVICE_FAMILY = 1;
			};
			name = Release;
		};
		22C3F62825F0A2190090A739 /* Debug */ = {
			isa = XCBuildConfiguration;
			baseConfigurationReference = 92F39DE16DBB900560BA4E2F /* Pods-Akane_iPadOS.debug.xcconfig */;
			buildSettings = {
				ASSETCATALOG_COMPILER_APPICON_NAME = AppIcon;
				CODE_SIGN_ENTITLEMENTS = Akane/Akane.entitlements;
				CODE_SIGN_IDENTITY = "Apple Development: Xiaoling Wang (358YVC7LH8)";
				"CODE_SIGN_IDENTITY[sdk=iphoneos*]" = "Apple Development: Xiaoling Wang (358YVC7LH8)";
				CODE_SIGN_STYLE = Manual;
				CURRENT_PROJECT_VERSION = 6;
				DEVELOPMENT_TEAM = YK6G2Z3K97;
				INFOPLIST_FILE = Akane/Info_iPadOS.plist;
				IPHONEOS_DEPLOYMENT_TARGET = 13.0;
				LD_RUNPATH_SEARCH_PATHS = (
					"$(inherited)",
					"@executable_path/Frameworks",
				);
				MARKETING_VERSION = 1.2;
				PRODUCT_BUNDLE_IDENTIFIER = cn.com.grass.shizuku.Akane;
				PRODUCT_NAME = Akane;
				PROVISIONING_PROFILE_SPECIFIER = "Akane iOS Development Profile";
				"PROVISIONING_PROFILE_SPECIFIER[sdk=iphoneos*]" = "Akane iOS Development Profile";
				SUPPORTS_MACCATALYST = NO;
				SWIFT_ACTIVE_COMPILATION_CONDITIONS = "DEBUG Debug iPadOS";
				SWIFT_VERSION = 5.0;
				TARGETED_DEVICE_FAMILY = 2;
			};
			name = Debug;
		};
		22C3F62925F0A2190090A739 /* Release */ = {
			isa = XCBuildConfiguration;
			baseConfigurationReference = 0FDFC5D0B2B2736232DA8BCC /* Pods-Akane_iPadOS.release.xcconfig */;
			buildSettings = {
				ASSETCATALOG_COMPILER_APPICON_NAME = AppIcon;
				CODE_SIGN_ENTITLEMENTS = Akane/Akane.entitlements;
				CODE_SIGN_IDENTITY = "Apple Distribution: Xiaoling Wang (YK6G2Z3K97)";
				"CODE_SIGN_IDENTITY[sdk=iphoneos*]" = "Apple Distribution: Xiaoling Wang (YK6G2Z3K97)";
				CODE_SIGN_STYLE = Manual;
				CURRENT_PROJECT_VERSION = 6;
				DEVELOPMENT_TEAM = YK6G2Z3K97;
				INFOPLIST_FILE = Akane/Info_iPadOS.plist;
				IPHONEOS_DEPLOYMENT_TARGET = 13.0;
				LD_RUNPATH_SEARCH_PATHS = (
					"$(inherited)",
					"@executable_path/Frameworks",
				);
				MARKETING_VERSION = 1.2;
				PRODUCT_BUNDLE_IDENTIFIER = cn.com.grass.shizuku.Akane;
				PRODUCT_NAME = Akane;
				PROVISIONING_PROFILE_SPECIFIER = "Akane iOS Distribution Profile";
				"PROVISIONING_PROFILE_SPECIFIER[sdk=iphoneos*]" = "Akane iOS Distribution Profile";
				SUPPORTS_MACCATALYST = NO;
				SWIFT_ACTIVE_COMPILATION_CONDITIONS = "Release iPadOS";
				SWIFT_VERSION = 5.0;
				TARGETED_DEVICE_FAMILY = 2;
			};
			name = Release;
		};
/* End XCBuildConfiguration section */

/* Begin XCConfigurationList section */
		2225511725E2488A00B801E6 /* Build configuration list for PBXNativeTarget "Akane_macOS" */ = {
			isa = XCConfigurationList;
			buildConfigurations = (
				2225511825E2488A00B801E6 /* Debug */,
				2225511925E2488A00B801E6 /* Release */,
			);
			defaultConfigurationIsVisible = 0;
			defaultConfigurationName = Release;
		};
		224EC17B2464F7AA002D72B6 /* Build configuration list for PBXProject "Akane" */ = {
			isa = XCConfigurationList;
			buildConfigurations = (
				224EC1AB2464F7D7002D72B6 /* Debug */,
				224EC1AC2464F7D7002D72B6 /* Release */,
			);
			defaultConfigurationIsVisible = 0;
			defaultConfigurationName = Release;
		};
		224EC1AD2464F7D7002D72B6 /* Build configuration list for PBXNativeTarget "Akane" */ = {
			isa = XCConfigurationList;
			buildConfigurations = (
				224EC1AE2464F7D7002D72B6 /* Debug */,
				224EC1AF2464F7D7002D72B6 /* Release */,
			);
			defaultConfigurationIsVisible = 0;
			defaultConfigurationName = Release;
		};
		22C3F62725F0A2190090A739 /* Build configuration list for PBXNativeTarget "Akane_iPadOS" */ = {
			isa = XCConfigurationList;
			buildConfigurations = (
				22C3F62825F0A2190090A739 /* Debug */,
				22C3F62925F0A2190090A739 /* Release */,
			);
			defaultConfigurationIsVisible = 0;
			defaultConfigurationName = Release;
		};
/* End XCConfigurationList section */

/* Begin XCVersionGroup section */
		224EC18C2464F7AB002D72B6 /* Akane.xcdatamodeld */ = {
			isa = XCVersionGroup;
			children = (
				224EC18D2464F7AB002D72B6 /* Akane.xcdatamodel */,
			);
			currentVersion = 224EC18D2464F7AB002D72B6 /* Akane.xcdatamodel */;
			path = Akane.xcdatamodeld;
			sourceTree = "<group>";
			versionGroupType = wrapper.xcdatamodel;
		};
/* End XCVersionGroup section */
	};
	rootObject = 224EC1782464F7AA002D72B6 /* Project object */;
}
